{"SurveyEntry":{"SurveyID":"SV_9EMz4vUv85Ya5cF","SurveyName":"Social Media Opinion Leader-Experimental Design","SurveyDescription":null,"SurveyOwnerID":"URH_3eEjOOmYw8LMyEY","SurveyBrandID":"calpolycba","DivisionID":null,"SurveyLanguage":"EN","SurveyActiveResponseSet":"RS_3VI1Toa754dZKLP","SurveyStatus":"Inactive","SurveyStartDate":"0000-00-00 00:00:00","SurveyExpirationDate":"0000-00-00 00:00:00","SurveyCreationDate":"2016-06-28 12:25:24","CreatorID":"URH_3eEjOOmYw8LMyEY","LastModified":"2016-06-28 12:32:47","LastAccessed":"0000-00-00 00:00:00","LastActivated":"0000-00-00 00:00:00","Deleted":null},"SurveyElements":[{"SurveyID":"SV_9EMz4vUv85Ya5cF","Element":"BL","PrimaryAttribute":"Survey Blocks","SecondaryAttribute":null,"TertiaryAttribute":null,"Payload":{"0":{"Type":"Default","Description":"Cover Page","ID":"BL_abDfovcn0rTuJtr","BlockElements":[{"Type":"Question","QuestionID":"QID1","SkipLogic":[{"SkipLogicID":1,"ChoiceLocator":"q:\/\/QID1\/SelectableChoice\/2","Condition":"Selected","SkipToDestination":"ENDOFSURVEY","Locator":"q:\/\/QID1\/SelectableChoice\/2","SkipToDescription":"<p>Dear Survey Participant,... <strong>No, I do not want to partic...<\/strong> Is <strong>Selected<\/strong>","Description":"If <strong title=\"No, I do not want to participate in this research.\">No, I do not want to partic...<\/strong> Is <strong>Selected<\/strong>, Then Skip To <strong>End of Survey<\/strong>","QuestionID":"QID1"}]},{"Type":"Page Break"}],"Options":{"BlockLocking":"false","RandomizeQuestions":"false"}},"1":{"Type":"Trash","Description":"Trash \/ Unused Questions","ID":"BL_9LeH1DH2NUClwgt","BlockElements":[{"Type":"Question","QuestionID":"QID6"},{"Type":"Question","QuestionID":"QID27"},{"Type":"Question","QuestionID":"QID29"},{"Type":"Question","QuestionID":"QID30"},{"Type":"Question","QuestionID":"QID2"},{"Type":"Question","QuestionID":"QID37"},{"Type":"Question","QuestionID":"QID38"},{"Type":"Question","QuestionID":"QID39"},{"Type":"Question","QuestionID":"QID40"},{"Type":"Question","QuestionID":"QID41"},{"Type":"Question","QuestionID":"QID42"},{"Type":"Question","QuestionID":"QID21"},{"Type":"Question","QuestionID":"QID14"},{"Type":"Question","QuestionID":"QID23"},{"Type":"Question","QuestionID":"QID43"},{"Type":"Question","QuestionID":"QID10"},{"Type":"Question","QuestionID":"QID51"},{"Type":"Question","QuestionID":"QID50"},{"Type":"Question","QuestionID":"QID26"},{"Type":"Question","QuestionID":"QID49"},{"Type":"Question","QuestionID":"QID52"}]},"2":{"Type":"Standard","SubType":"","Description":"Overall Social Media Experience","ID":"BL_cJ5ymg6cXbPyISN","BlockElements":[{"Type":"Question","QuestionID":"QID31"},{"Type":"Question","QuestionID":"QID3"},{"Type":"Question","QuestionID":"QID4"},{"Type":"Question","QuestionID":"QID5"},{"Type":"Question","QuestionID":"QID8"}]},"6":{"Type":"Standard","SubType":"","Description":"Opinion Leaders","ID":"BL_9XKEcdFKbvj0vop","BlockElements":[{"Type":"Question","QuestionID":"QID32"},{"Type":"Question","QuestionID":"QID7"},{"Type":"Question","QuestionID":"QID9"},{"Type":"Question","QuestionID":"QID28"},{"Type":"Question","QuestionID":"QID22"}]},"7":{"Type":"Standard","SubType":"","Description":"External Information Source","ID":"BL_emKDSN3m6E1e25n","BlockElements":[{"Type":"Question","QuestionID":"QID34"},{"Type":"Question","QuestionID":"QID11"},{"Type":"Question","QuestionID":"QID13"},{"Type":"Question","QuestionID":"QID15"},{"Type":"Question","QuestionID":"QID17"}]},"9":{"Type":"Standard","SubType":"","Description":"Purchasing Behaivor","ID":"BL_82PuVQBtOcQORa5","BlockElements":[{"Type":"Question","QuestionID":"QID35"},{"Type":"Question","QuestionID":"QID12"},{"Type":"Question","QuestionID":"QID16"},{"Type":"Question","QuestionID":"QID18"},{"Type":"Question","QuestionID":"QID19"},{"Type":"Question","QuestionID":"QID20"}]},"10":{"Type":"Standard","SubType":"","Description":"Demographics","ID":"BL_9ThbMdhwjxpp9kh","BlockElements":[{"Type":"Question","QuestionID":"QID33"},{"Type":"Question","QuestionID":"QID24"},{"Type":"Question","QuestionID":"QID25"},{"Type":"Question","QuestionID":"QID36"}]},"11":{"Type":"Standard","SubType":"","Description":"social_media_review","ID":"BL_8qtYOcFJ2N3eoyV","BlockElements":[{"Type":"Question","QuestionID":"QID46"},{"Type":"Page Break"},{"Type":"Question","QuestionID":"QID44"},{"Type":"Question","QuestionID":"QID56"}]},"12":{"Type":"Standard","SubType":"","Description":"ads","ID":"BL_byI9arUL1WRwFoN","BlockElements":[{"Type":"Question","QuestionID":"QID47"},{"Type":"Page Break"},{"Type":"Question","QuestionID":"QID48"},{"Type":"Question","QuestionID":"QID57"}]},"13":{"Type":"Standard","SubType":"","Description":"DV","ID":"BL_8AMhRdAfnIsS9Lv","BlockElements":[{"Type":"Question","QuestionID":"QID45"},{"Type":"Question","QuestionID":"QID54"},{"Type":"Question","QuestionID":"QID53"},{"Type":"Question","QuestionID":"QID55"}]}}},{"SurveyID":"SV_9EMz4vUv85Ya5cF","Element":"BR","PrimaryAttribute":"FL_23","SecondaryAttribute":null,"TertiaryAttribute":null,"Payload":{"FL_24":0,"FL_25":0}},{"SurveyID":"SV_9EMz4vUv85Ya5cF","Element":"FL","PrimaryAttribute":"Survey Flow","SecondaryAttribute":null,"TertiaryAttribute":null,"Payload":{"Type":"Root","FlowID":"FL_1","Flow":[{"Type":"EmbeddedData","FlowID":"FL_32","EmbeddedData":[{"Description":"id","Type":"Recipient","Field":"id","VariableType":"Nominal"}]},{"Type":"Block","ID":"BL_abDfovcn0rTuJtr","FlowID":"FL_2"},{"Type":"Standard","ID":"BL_cJ5ymg6cXbPyISN","FlowID":"FL_3"},{"Type":"Standard","ID":"BL_emKDSN3m6E1e25n","FlowID":"FL_9"},{"Type":"Standard","ID":"BL_9XKEcdFKbvj0vop","FlowID":"FL_7"},{"Type":"Block","ID":"BL_8qtYOcFJ2N3eoyV","FlowID":"FL_27"},{"Type":"Block","ID":"BL_byI9arUL1WRwFoN","FlowID":"FL_30"},{"Type":"Standard","ID":"BL_8AMhRdAfnIsS9Lv","FlowID":"FL_31"},{"Type":"Standard","ID":"BL_82PuVQBtOcQORa5","FlowID":"FL_11"},{"Type":"Standard","ID":"BL_9ThbMdhwjxpp9kh","FlowID":"FL_12"}],"Properties":{"Count":32}}},{"SurveyID":"SV_9EMz4vUv85Ya5cF","Element":"SO","PrimaryAttribute":"Survey Options","SecondaryAttribute":null,"TertiaryAttribute":null,"Payload":{"BackButton":"false","SaveAndContinue":"true","SurveyProtection":"PublicSurvey","BallotBoxStuffingPrevention":"false","NoIndex":"Yes","SecureResponseFiles":"true","SurveyExpiration":null,"SurveyTermination":"Redirect","Header":"","Footer":"","ProgressBarDisplay":"NoText","PartialData":"+1 week","ValidationMessage":null,"PreviousButton":"  <<  ","NextButton":"  >>  ","SkinLibrary":"calpolycba","SkinType":"MQ","Skin":"calpolyba1","NewScoring":1,"SpellChecked":0,"libraryId":"","nextButtonMid":"","previousButtonMid":"","headerMid":"","footerMid":"","QuestionsPerPage":"","PageTransition":"None","ExternalCSS":null,"CustomStyles":{"errorStyles":{"selector":".Skin .ValidationError","styles":{"color":null,"backgroundColor":null,"borderColor":null}},"errorStylesBG":{"selector":".Skin .HeaderValidationError, .Skin .HeaderValidationError li a","styles":{"color":null,"backgroundColor":null}},"pageStyles":{"selector":"#SurveyEngineBody","styles":{"backgroundColor":null}},"textStyles":{"selector":".SkinInner","styles":{"fontFamily":null,"fontSize":null,"fontWeight":null,"fontStyle":null,"textDecoration":null,"color":null}},"questionStyles":{"selector":".Skin .QuestionText","styles":{"fontFamily":null,"fontSize":null,"fontWeight":null,"fontStyle":null,"textDecoration":null,"color":null}},"choiceStyles":{"selector":".Skin .horizontalbar th.ylabel, .Skin .Matrix table td, .Skin .Matrix table th, .Skin .Matrix table thead th, .Skin .Matrix table thead td, .Skin .PGR .DragAndDrop .Items label, .Skin .QuestionBody ul.ChoiceStructure, .Skin .PGR .DragAndDrop .Group ul, .Skin .PGR .DragAndDrop .Group h2, .Skin .PGR .DragAndDrop .Items ul, .Skin .PGR .DragAndDrop .Items h2, .Skin .DD .QuestionBody table.ChoiceStructure, .Skin .PGR .DragAndDrop .NoColumns td.groupsContainerTd div ul, .Skin .PGR .DragAndDrop .NoColumns td.groupsContainerTd div h2, .Skin .SBS thead th, .Skin .SBS td, .Skin .SBS .Answers td, .Skin .SBS .Answers th, .SBS table.ChoiceStructure, .Skin .horizontalbar thead table.LabelDescriptions tr td, .Skin .horizontalbar thead tr td.NotApplicable, .QuestionBody th, .Skin .QuestionBody .MC .MAVR label, .Skin .QuestionBody .MC .SAVR label, .Skin .SBS thead th, .Skin .SBS td, .Skin .RO .DND ul li, .Skin .reg, .SkinInner .ChoiceStructure, .Skin thead, .Skin .GAP .ChoiceStructure thead th, .Skin .GAP .ChoiceStructure .c4, .Skin .GAP .ChoiceStructure th, .Skin .GAP .ChoiceStructure .WhyText, .SkinInner .ChoiceStructure .LightBG, .Skin .QuestionOuter.Highlight .Inner .reg, .Skin .QuestionOuter.Highlight .Inner .alt, .Skin .QuestionOuter.Highlight .Inner .ReadableAlt       ","styles":{"fontFamily":null,"fontSize":null,"fontWeight":null,"fontStyle":null,"textDecoration":null,"color":null}},"headerStyles":{"selector":".Skin div#Header","styles":{"color":null}},"footerStyles":{"selector":".Skin #Footer","styles":{"color":null}},"questionSeparatorStyles":{"selector":".Skin .Separator","styles":{"backgroundColor":null,"display":"block"}},"highlightStyles":{"selector":".Skin .QuestionOuter.Highlight .Inner, .Skin .QuestionOuter.Highlight .Inner .reg, .Skin .QuestionOuter.Highlight .Inner .alt, .Skin .QuestionOuter.Highlight .Inner .ReadableAlt","styles":{"backgroundColor":null}},"highlightStylesAlt":{"selector":".Skin .QuestionOuter.Highlight .Inner .ReadableAlt, .Skin .QuestionOuter.Highlight .Inner .LightBG","styles":{"backgroundColor":null}},"textEntryStyles":{"selector":".Skin select, .Skin .InputText","styles":{"color":null}},"borderStyles":{"selector":".Skin .CS .horizontalbar table.sliderGrid tr.xlabel th, .Skin .CS .horizontalbar .ylabel, .Skin .CS .horizontalbar table.sliderGrid tr td.value, .Skin .Slider .horizontalbar table.sliderGrid tr.xlabel th, .Skin .BorderColor, .Skin .DarkBorderColor, .Skin .Slider .horizontalbar table.sliderGrid tr td.value, .Skin thead, .Skin .GAP .ChoiceStructure thead th  ","styles":{"borderColor":null}},"altRowStyles":{"selector":".Skin .ReadableAlt, .Skin .LightBG","styles":{"backgroundColor":null}},"customCSS":null},"HighlightQuestions":"off","EOSMessage":"","ShowExportTags":"false","CollectGeoLocation":"false","SurveyTitle":"Online Survey Software | Qualtrics Survey Solutions","SurveyMetaDescription":"Qualtrics sophisticated online survey software solutions make creating online surveys easy. Learn more about Research Suite and get a free account today.","PasswordProtection":"No","AnonymizeResponse":"No","Password":"","RefererCheck":"No","RefererURL":"http:\/\/","EOSMessageLibrary":"","EOSRedirectURL":"https:\/\/cpp-cba.sona-systems.com\/webstudy_credit.aspx?experiment_id=97&credit_token=13310818523546bdafcb40c7102ca64b&survey_code=${e:\/\/Field\/id}","EmailThankYou":"false","ThankYouEmailMessageLibrary":null,"ThankYouEmailMessage":null,"ValidateMessage":"false","ValidationMessageLibrary":null,"InactiveSurvey":"DefaultMessage","InactiveMessageLibrary":"","InactiveMessage":"","AvailableLanguages":{"EN":[]},"ProtectSelectionIds":true}},{"SurveyID":"SV_9EMz4vUv85Ya5cF","Element":"SQ","PrimaryAttribute":"QID44","SecondaryAttribute":null,"TertiaryAttribute":null,"Payload":{"QuestionText":"<iframe width=\"560\" height=\"315\" src=\"https:\/\/www.youtube.com\/embed\/8Jz8DF3aAwk\" frameborder=\"0\" allowfullscreen><\/iframe>","DefaultChoices":false,"DataExportTag":"Q5.2","QuestionID":"QID44","QuestionType":"DB","Selector":"TB","Configuration":{"QuestionDescriptionOption":"UseText"},"ChoiceOrder":[],"Validation":{"Settings":{"Type":"None"}},"GradingData":[],"Language":[],"QuestionText_Unsafe":"<iframe width=\"560\" height=\"315\" src=\"https:\/\/www.youtube.com\/embed\/8Jz8DF3aAwk\" frameborder=\"0\" allowfullscreen><\/iframe>"}},{"SurveyID":"SV_9EMz4vUv85Ya5cF","Element":"SQ","PrimaryAttribute":"QID48","SecondaryAttribute":null,"TertiaryAttribute":null,"Payload":{"QuestionText":"<iframe width=\"560\" height=\"315\" src=\"https:\/\/www.youtube.com\/embed\/AK2U977acCE\" frameborder=\"0\" allowfullscreen><\/iframe>","DefaultChoices":false,"DataExportTag":"Q6.2","QuestionID":"QID48","QuestionType":"DB","Selector":"TB","Configuration":{"QuestionDescriptionOption":"UseText"},"ChoiceOrder":[],"Validation":{"Settings":{"Type":"None"}},"GradingData":[],"Language":[],"QuestionText_Unsafe":"<iframe width=\"560\" height=\"315\" src=\"https:\/\/www.youtube.com\/embed\/AK2U977acCE\" frameborder=\"0\" allowfullscreen><\/iframe>"}},{"SurveyID":"SV_9EMz4vUv85Ya5cF","Element":"SCO","PrimaryAttribute":"Scoring","SecondaryAttribute":null,"TertiaryAttribute":null,"Payload":{"ScoringCategories":[],"ScoringCategoryGroups":[],"ScoringSummaryCategory":null,"ScoringSummaryAfterQuestions":0,"ScoringSummaryAfterSurvey":0,"DefaultScoringCategory":null,"AutoScoringCategory":null}},{"SurveyID":"SV_9EMz4vUv85Ya5cF","Element":"STAT","PrimaryAttribute":"Survey Statistics","SecondaryAttribute":null,"TertiaryAttribute":null,"Payload":{"MobileCompatible":true,"ID":"Survey Statistics"}},{"SurveyID":"SV_9EMz4vUv85Ya5cF","Element":"QC","PrimaryAttribute":"Survey Question Count","SecondaryAttribute":"57","TertiaryAttribute":null,"Payload":null},{"SurveyID":"SV_9EMz4vUv85Ya5cF","Element":"SQ","PrimaryAttribute":"QID2","SecondaryAttribute":"Are you born between 1980-1997?","TertiaryAttribute":null,"Payload":{"QuestionText":"Are you born between 1980-1997?","DataExportTag":"Q2","QuestionType":"MC","Selector":"SAVR","SubSelector":"TX","Configuration":{"QuestionDescriptionOption":"UseText"},"QuestionDescription":"Are you born between 1980-1997?","Choices":{"1":{"Display":"Yes"},"2":{"Display":"No"}},"ChoiceOrder":[1,2],"Validation":{"Settings":{"ForceResponse":"OFF","ForceResponseType":"ON","Type":"None"}},"Language":[],"QuestionID":"QID2"}},{"SurveyID":"SV_9EMz4vUv85Ya5cF","Element":"SQ","PrimaryAttribute":"QID27","SecondaryAttribute":"Click to write the question text","TertiaryAttribute":null,"Payload":{"QuestionText":"Click to write the question text","DataExportTag":"Q27","QuestionType":"MC","Selector":"SAVR","SubSelector":"TX","Configuration":{"QuestionDescriptionOption":"UseText"},"QuestionDescription":"Click to write the question text","Choices":{"1":{"Display":"Click to write Choice 1"},"2":{"Display":"Click to write Choice 2"},"3":{"Display":"Click to write Choice 3"}},"ChoiceOrder":["1","2","3"],"Validation":{"Settings":{"ForceResponse":"OFF","ForceResponseType":"ON","Type":"None"}},"Language":[],"QuestionID":"QID27"}},{"SurveyID":"SV_9EMz4vUv85Ya5cF","Element":"SQ","PrimaryAttribute":"QID29","SecondaryAttribute":"Click to write the question text","TertiaryAttribute":null,"Payload":{"QuestionText":"Click to write the question text","DataExportTag":"Q29","QuestionType":"MC","Selector":"SAVR","SubSelector":"TX","Configuration":{"QuestionDescriptionOption":"UseText"},"QuestionDescription":"Click to write the question text","Choices":{"1":{"Display":"Click to write Choice 1"},"2":{"Display":"Click to write Choice 2"},"3":{"Display":"Click to write Choice 3"}},"ChoiceOrder":["1","2","3"],"Validation":{"Settings":{"ForceResponse":"OFF","ForceResponseType":"ON","Type":"None"}},"Language":[],"QuestionID":"QID29"}},{"SurveyID":"SV_9EMz4vUv85Ya5cF","Element":"SQ","PrimaryAttribute":"QID30","SecondaryAttribute":"Click to write the question text","TertiaryAttribute":null,"Payload":{"DefaultChoices":false,"DataExportTag":"Q30","QuestionID":"QID30","QuestionType":"DB","Selector":"TB","Configuration":{"QuestionDescriptionOption":"UseText"},"ChoiceOrder":[],"Validation":{"Settings":{"Type":"None"}},"GradingData":[],"Language":[],"QuestionText":"Click to write the question text","QuestionDescription":"Click to write the question text"}},{"SurveyID":"SV_9EMz4vUv85Ya5cF","Element":"SQ","PrimaryAttribute":"QID37","SecondaryAttribute":"Click to write the question text","TertiaryAttribute":null,"Payload":{"QuestionText":"Click to write the question text","DataExportTag":"Q37","QuestionType":"MC","Selector":"SAVR","SubSelector":"TX","Configuration":{"QuestionDescriptionOption":"UseText"},"QuestionDescription":"Click to write the question text","Choices":{"1":{"Display":"Click to write Choice 1"},"2":{"Display":"Click to write Choice 2"},"3":{"Display":"Click to write Choice 3"}},"ChoiceOrder":["1","2","3"],"Validation":{"Settings":{"ForceResponse":"OFF","ForceResponseType":"ON","Type":"None"}},"Language":[],"QuestionID":"QID37"}},{"SurveyID":"SV_9EMz4vUv85Ya5cF","Element":"SQ","PrimaryAttribute":"QID38","SecondaryAttribute":"Click to write the question text","TertiaryAttribute":null,"Payload":{"QuestionText":"Click to write the question text","DataExportTag":"Q38","QuestionType":"MC","Selector":"SAVR","SubSelector":"TX","Configuration":{"QuestionDescriptionOption":"UseText"},"QuestionDescription":"Click to write the question text","Choices":[],"DynamicChoicesData":[],"ChoiceOrder":[],"Validation":{"Settings":{"ForceResponse":"OFF","ForceResponseType":"ON","Type":"None"}},"Language":[],"QuestionID":"QID38"}},{"SurveyID":"SV_9EMz4vUv85Ya5cF","Element":"SQ","PrimaryAttribute":"QID39","SecondaryAttribute":"Click to write the question text","TertiaryAttribute":null,"Payload":{"QuestionText":"Click to write the question text","DataExportTag":"Q39","QuestionType":"MC","Selector":"SAVR","SubSelector":"TX","Configuration":{"QuestionDescriptionOption":"UseText"},"QuestionDescription":"Click to write the question text","Choices":{"1":{"Display":"Click to write Choice 1"},"2":{"Display":"Click to write Choice 2"},"3":{"Display":"Click to write Choice 3"}},"ChoiceGroups":{"cg_1":{"ChoiceGroupOrder":null,"GroupLabel":"group","Options":[]}},"ChoiceGroupOrder":["1","2","3","cg_1"],"ChoiceOrder":["1","2","3"],"Validation":{"Settings":{"ForceResponse":"OFF","ForceResponseType":"ON","Type":"None"}},"Language":[],"QuestionID":"QID39"}},{"SurveyID":"SV_9EMz4vUv85Ya5cF","Element":"SQ","PrimaryAttribute":"QID40","SecondaryAttribute":"Click to write the question text","TertiaryAttribute":null,"Payload":{"QuestionText":"Click to write the question text","DataExportTag":"Q40","QuestionType":"MC","Selector":"SAVR","SubSelector":"TX","Configuration":{"QuestionDescriptionOption":"UseText"},"QuestionDescription":"Click to write the question text","Choices":{"1":{"Display":"Click to write Choice 1"},"2":{"Display":"Click to write Choice 2"},"3":{"Display":"Click to write Choice 3"}},"ChoiceOrder":["1","2","3"],"Validation":{"Settings":{"ForceResponse":"OFF","ForceResponseType":"ON","Type":"None"}},"Language":[],"QuestionID":"QID40"}},{"SurveyID":"SV_9EMz4vUv85Ya5cF","Element":"SQ","PrimaryAttribute":"QID50","SecondaryAttribute":"Click to write the question text","TertiaryAttribute":null,"Payload":{"QuestionText":"Click to write the question text","DataExportTag":"Q50","QuestionType":"MC","Selector":"SAVR","SubSelector":"TX","Configuration":{"QuestionDescriptionOption":"UseText"},"QuestionDescription":"Click to write the question text","Choices":{"1":{"Display":"Click to write Choice 1"},"2":{"Display":"Click to write Choice 2"},"3":{"Display":"Click to write Choice 3"}},"ChoiceOrder":["1","2","3"],"Validation":{"Settings":{"ForceResponse":"OFF","ForceResponseType":"ON","Type":"None"}},"Language":[],"QuestionID":"QID50"}},{"SurveyID":"SV_9EMz4vUv85Ya5cF","Element":"SQ","PrimaryAttribute":"QID52","SecondaryAttribute":"Click to write the question text","TertiaryAttribute":null,"Payload":{"QuestionText":"Click to write the question text","DataExportTag":"Q52","QuestionType":"MC","Selector":"SAVR","SubSelector":"TX","Configuration":{"QuestionDescriptionOption":"UseText"},"QuestionDescription":"Click to write the question text","Choices":{"1":{"Display":"Click to write Choice 1"},"2":{"Display":"Click to write Choice 2"},"3":{"Display":"Click to write Choice 3"}},"ChoiceOrder":["1","2","3"],"Validation":{"Settings":{"ForceResponse":"OFF","ForceResponseType":"ON","Type":"None"}},"Language":[],"QuestionID":"QID52"}},{"SurveyID":"SV_9EMz4vUv85Ya5cF","Element":"RS","PrimaryAttribute":"RS_3VI1Toa754dZKLP","SecondaryAttribute":"Default Response Set","TertiaryAttribute":null,"Payload":null},{"SurveyID":"SV_9EMz4vUv85Ya5cF","Element":"SQ","PrimaryAttribute":"QID6","SecondaryAttribute":"Do you remember the name of the brand that was on a social media platform?","TertiaryAttribute":null,"Payload":{"QuestionText":"Do you remember the name of the brand that was on a social media platform?","DataExportTag":"Q7","QuestionType":"MC","Selector":"SAVR","SubSelector":"TX","Configuration":{"QuestionDescriptionOption":"UseText"},"QuestionDescription":"Do you remember the name of the brand that was on a social media platform?","Choices":{"1":{"Display":"Definitely yes"},"2":{"Display":"Probably yes"},"3":{"Display":"Might or might not"},"4":{"Display":"Probably not"},"5":{"Display":"Definitely not"}},"ChoiceOrder":["1","2","3","4","5"],"Validation":{"Settings":{"ForceResponse":"OFF","ForceResponseType":"ON","Type":"None"}},"Language":[],"QuestionID":"QID6"}},{"SurveyID":"SV_9EMz4vUv85Ya5cF","Element":"SQ","PrimaryAttribute":"QID26","SecondaryAttribute":"Do you remember the name of the brand that was on a social media platform?","TertiaryAttribute":null,"Payload":{"QuestionText":"Do you remember the name of the brand that was on a social media platform?","DataExportTag":"Q6","QuestionType":"MC","Selector":"SAVR","SubSelector":"TX","Configuration":{"QuestionDescriptionOption":"UseText"},"QuestionDescription":"Do you remember the name of the brand that was on a social media platform?","Choices":{"1":{"Display":"Yes"},"2":{"Display":"No"}},"ChoiceOrder":[1,2],"Validation":{"Settings":{"ForceResponse":"OFF","ForceResponseType":"ON","Type":"None"}},"Language":[],"QuestionID":"QID26","QuestionText_Unsafe":"Do you remember the name of the brand that was on a social media platform?"}},{"SurveyID":"SV_9EMz4vUv85Ya5cF","Element":"SQ","PrimaryAttribute":"QID8","SecondaryAttribute":"Have you ever performed these activities?","TertiaryAttribute":null,"Payload":{"QuestionText":"Have you ever performed these activities?<div><br><\/div>","DefaultChoices":false,"DataExportTag":"Q2.5","QuestionID":"QID8","QuestionType":"Matrix","Selector":"Likert","SubSelector":"SingleAnswer","Configuration":{"QuestionDescriptionOption":"UseText","TextPosition":"inline","ChoiceColumnWidth":25,"RepeatHeaders":"none","WhiteSpace":"OFF","MobileFirst":true,"ChoiceColumnWidthPixels":297},"QuestionDescription":"Have you ever performed these activities?","Choices":{"1":{"Display":"Ordered a product\/service from a brand that is active on social media platforms"},"2":{"Display":"Made a purchase online"},"3":{"Display":"Ordered a product\/service that is only available online"},"4":{"Display":"Ordered a product\/service because of a friend or family's recommendation"},"5":{"Display":"Ordered a product\/service because of an online opinion leader's recommendation"},"6":{"Display":"Ordered a product\/service because of an advertisement on TV, radio, or print"},"7":{"Display":"Ordered a product or service"}},"ChoiceOrder":[1,2,3,4,5,6,7],"Validation":{"Settings":{"ForceResponse":"OFF","ForceResponseType":"ON","Type":"None"}},"GradingData":[],"Language":[],"Answers":{"1":{"Display":"Yes"},"2":{"Display":"No"}},"AnswerOrder":[1,2],"ChoiceDataExportTags":false,"QuestionText_Unsafe":"Have you ever performed these activities?<div><br><\/div>"}},{"SurveyID":"SV_9EMz4vUv85Ya5cF","Element":"SQ","PrimaryAttribute":"QID20","SecondaryAttribute":"How likely would you be to mention a product or service you like on your own social media?","TertiaryAttribute":null,"Payload":{"QuestionText":"How likely would you be to mention a product or service you like on your own social media?","DataExportTag":"Q8.6","QuestionType":"MC","Selector":"SAVR","SubSelector":"TX","Configuration":{"QuestionDescriptionOption":"UseText"},"QuestionDescription":"How likely would you be to mention a product or service you like on your own social media?","Choices":{"1":{"Display":"1-Very likely"},"2":{"Display":"2-likely"},"3":{"Display":"3-Neutral"},"4":{"Display":"4-Unlikely"},"5":{"Display":"5-Very unlikely"}},"ChoiceOrder":[1,2,3,4,5],"Validation":{"Settings":{"ForceResponse":"OFF","ForceResponseType":"ON","Type":"None"}},"Language":[],"QuestionID":"QID20","GradingData":[],"DefaultChoices":false,"QuestionText_Unsafe":"How likely would you be to mention a product or service you like on your own social media?"}},{"SurveyID":"SV_9EMz4vUv85Ya5cF","Element":"SQ","PrimaryAttribute":"QID19","SecondaryAttribute":"How likely would you be to recommend a product or service you saw on social media to others?","TertiaryAttribute":null,"Payload":{"QuestionText":"How likely would you be to recommend a product or service you saw on social media to others?","DataExportTag":"Q8.5","QuestionType":"MC","Selector":"SAVR","SubSelector":"TX","Configuration":{"QuestionDescriptionOption":"UseText"},"QuestionDescription":"How likely would you be to recommend a product or service you saw on social media to others?","Choices":{"1":{"Display":"1-Very likely"},"2":{"Display":"2-likely"},"3":{"Display":"3-Neutral"},"4":{"Display":"4-Unlikely"},"5":{"Display":"5-Very unlikely"}},"ChoiceOrder":[1,2,3,4,5],"Validation":{"Settings":{"ForceResponse":"OFF","ForceResponseType":"ON","Type":"None"}},"Language":[],"QuestionID":"QID19","GradingData":[],"QuestionText_Unsafe":"How likely would you be to recommend a product or service you saw on social media to others?"}},{"SurveyID":"SV_9EMz4vUv85Ya5cF","Element":"SQ","PrimaryAttribute":"QID21","SecondaryAttribute":"How likely would you be to repurchase a product or service you have already tried?","TertiaryAttribute":null,"Payload":{"QuestionText":"How likely would you be to repurchase a product or service you have already tried?<div><br><\/div>","DataExportTag":"Q25","QuestionType":"MC","Selector":"SAVR","SubSelector":"TX","Configuration":{"QuestionDescriptionOption":"UseText"},"QuestionDescription":"How likely would you be to repurchase a product or service you have already tried?","Choices":{"1":{"Display":"1-Very likely"},"2":{"Display":"2-likely"},"3":{"Display":"3-Neutral"},"4":{"Display":"4-Unlikely"},"5":{"Display":"5-Very unlikely"}},"ChoiceOrder":[1,2,3,4,5],"Validation":{"Settings":{"ForceResponse":"OFF","ForceResponseType":"ON","Type":"None"}},"Language":[],"QuestionID":"QID21","GradingData":[],"QuestionText_Unsafe":"How likely would you be to repurchase a product or service you have already tried?<div><br><\/div>"}},{"SurveyID":"SV_9EMz4vUv85Ya5cF","Element":"SQ","PrimaryAttribute":"QID18","SecondaryAttribute":"How often do you purchase a product or service because of traditional advertising? (TV, radio, bi...","TertiaryAttribute":null,"Payload":{"QuestionText":"How often do you purchase a product or service because of traditional advertising? (TV, radio, billboard, print)","DataExportTag":"Q8.4","QuestionType":"MC","Selector":"SAVR","SubSelector":"TX","Configuration":{"QuestionDescriptionOption":"UseText"},"QuestionDescription":"How often do you purchase a product or service because of traditional advertising? (TV, radio, bi...","Choices":{"1":{"Display":"1-Never"},"2":{"Display":"2-Rarely"},"3":{"Display":"3-Occasionally"},"4":{"Display":"4-A moderate amount"},"5":{"Display":"5-A great deal"}},"ChoiceOrder":[1,2,3,4,5],"Validation":{"Settings":{"ForceResponse":"OFF","ForceResponseType":"ON","Type":"None"}},"Language":[],"QuestionID":"QID18","GradingData":[],"DefaultChoices":false,"QuestionText_Unsafe":"How often do you purchase a product or service because of traditional advertising? (TV, radio, billboard, print)"}},{"SurveyID":"SV_9EMz4vUv85Ya5cF","Element":"SQ","PrimaryAttribute":"QID17","SecondaryAttribute":"How often do you purchase a product or service that a social media opinion leader posted about? (...","TertiaryAttribute":null,"Payload":{"QuestionText":"How often do you purchase a product or service that a social media opinion leader posted about? (Instagram, Facebook, Twitter etc...)","DefaultChoices":false,"DataExportTag":"Q3.5","QuestionID":"QID17","QuestionType":"MC","Selector":"SAVR","SubSelector":"TX","Configuration":{"QuestionDescriptionOption":"UseText","TextPosition":"inline"},"QuestionDescription":"How often do you purchase a product or service that a social media opinion leader posted about? (...","Choices":{"1":{"Display":"1 - Never"},"2":{"Display":"2 - Rarely, in less than 10% of the chances when I could"},"3":{"Display":"3 \u2013 Occasionally, in about 30% of the chances when I could have "},"4":{"Display":"4 \u2013 Sometimes, in about 50% of the chances when I could have "},"5":{"Display":"5 \u2013 Frequently, in about 70% of the chances when I could have "},"6":{"Display":"6 \u2013 Usually, in about 90% of the chances I could have. "},"7":{"Display":"7 \u2013 Every time"}},"ChoiceOrder":[1,2,3,4,5,6,7],"Validation":{"Settings":{"ForceResponse":"OFF","ForceResponseType":"ON","Type":"None"}},"GradingData":[],"Language":[],"QuestionText_Unsafe":"How often do you purchase a product or service that a social media opinion leader posted about? (Instagram, Facebook, Twitter etc...)"}},{"SurveyID":"SV_9EMz4vUv85Ya5cF","Element":"SQ","PrimaryAttribute":"QID16","SecondaryAttribute":"How often do you seek recommendations or information from the following sources before finalizing...","TertiaryAttribute":null,"Payload":{"QuestionText":"How often do you seek recommendations or information from the following sources before finalizing you purchase decision?","DefaultChoices":false,"DataExportTag":"Q8.3","QuestionID":"QID16","QuestionType":"Matrix","Selector":"Likert","SubSelector":"SingleAnswer","Configuration":{"QuestionDescriptionOption":"UseText","TextPosition":"inline","ChoiceColumnWidth":25,"RepeatHeaders":"none","WhiteSpace":"OFF","MobileFirst":true},"QuestionDescription":"How often do you seek recommendations or information from the following sources before finalizing...","Choices":{"1":{"Display":"Strangers"},"2":{"Display":"Friends"},"3":{"Display":"Family"},"4":{"Display":"Online Opinion Leaders"},"5":{"Display":"Celebritries"},"6":{"Display":"Co-workers"},"7":{"Display":"Online users"},"8":{"Display":"Small Company "},"9":{"Display":"Large Company"}},"ChoiceOrder":[1,2,3,4,5,6,7,8,9],"Validation":{"Settings":{"ForceResponse":"OFF","ForceResponseType":"ON","Type":"None"}},"GradingData":[],"Language":[],"Answers":{"1":{"Display":"1 - Never"},"2":{"Display":"2 - Rarely, in less than 10% of the chances when I could"},"3":{"Display":"3 \u2013 Occasionally, in about 30% of the chances when I could have "},"4":{"Display":"4 \u2013 Sometimes, in about 50% of the chances when I could have "},"5":{"Display":"5 \u2013 Frequently, in about 70% of the chances when I could have "},"6":{"Display":"6 \u2013 Usually, in about 90% of the chances I could have. "},"7":{"Display":"7 \u2013 Every time"}},"AnswerOrder":[1,2,3,4,5,6,7],"ChoiceDataExportTags":false,"QuestionText_Unsafe":"How often do you seek recommendations or information from the following sources before finalizing you purchase decision?"}},{"SurveyID":"SV_9EMz4vUv85Ya5cF","Element":"SQ","PrimaryAttribute":"QID3","SecondaryAttribute":"How often do you use social media platforms (e.g. Facebook, Instagram, Twitter, Snapchat)?","TertiaryAttribute":null,"Payload":{"QuestionText":"How often do you use social media platforms (e.g. Facebook, Instagram, Twitter, Snapchat)?","DefaultChoices":false,"DataExportTag":"Q2.2","QuestionID":"QID3","QuestionType":"MC","Selector":"SAVR","SubSelector":"TX","Configuration":{"QuestionDescriptionOption":"UseText"},"QuestionDescription":"How often do you use social media platforms (e.g. Facebook, Instagram, Twitter, Snapchat)?","Choices":{"11":{"Display":" 1 hour or less per day"},"12":{"Display":"1-2 hours per day"},"13":{"Display":"3-4 hours per day"},"14":{"Display":"4-5 hours per day"},"15":{"Display":"5 or more per day"}},"ChoiceOrder":["11","12","13","14","15"],"Validation":{"Settings":{"ForceResponse":"OFF","ForceResponseType":"ON","Type":"None"}},"GradingData":[],"Language":[]}},{"SurveyID":"SV_9EMz4vUv85Ya5cF","Element":"SQ","PrimaryAttribute":"QID13","SecondaryAttribute":"How relatable are social media opinion leaders to you?","TertiaryAttribute":null,"Payload":{"QuestionText":"How relatable are social media opinion leaders to you?","DataExportTag":"Q3.3","QuestionType":"MC","Selector":"SAVR","Configuration":{"QuestionDescriptionOption":"UseText"},"QuestionDescription":"How relatable are social media opinion leaders to you?","Choices":{"1":{"Display":"1 - Very un-relatable"},"2":{"Display":"2 - Un-relatable"},"3":{"Display":"3 - Neutral "},"4":{"Display":"4 - Relatable"},"5":{"Display":"5 - Very relatable"}},"ChoiceOrder":[1,2,3,4,5],"Validation":{"Settings":{"ForceResponse":"OFF","ForceResponseType":"ON","Type":"None"}},"Language":[],"QuestionID":"QID13","GradingData":[],"QuestionText_Unsafe":"How relatable are social media opinion leaders to you?","DefaultChoices":false,"SubSelector":"TX"}},{"SurveyID":"SV_9EMz4vUv85Ya5cF","Element":"SQ","PrimaryAttribute":"QID14","SecondaryAttribute":"How Satisfied are you when you purchase a product based off the following sources' recommendation?","TertiaryAttribute":null,"Payload":{"QuestionText":"How Satisfied are you when you purchase a product based off the following sources' recommendation?","DefaultChoices":false,"DataExportTag":"Q26","QuestionID":"QID14","QuestionType":"Matrix","Selector":"Likert","SubSelector":"SingleAnswer","Configuration":{"QuestionDescriptionOption":"UseText","TextPosition":"inline","ChoiceColumnWidth":25,"RepeatHeaders":"none","WhiteSpace":"OFF","MobileFirst":true},"QuestionDescription":"How Satisfied are you when you purchase a product based off the following sources' recommendation?","Choices":{"1":{"Display":"Strangers"},"2":{"Display":"Friends"},"3":{"Display":"Family"},"4":{"Display":"Neighbors"},"5":{"Display":"Online opinion leaders "},"6":{"Display":"Online users"},"7":{"Display":"Co-workers"},"8":{"Display":"Large companies\u2019 representatives"},"9":{"Display":"Small companies\u2019 representatives"}},"ChoiceOrder":[1,2,3,4,5,6,7,8,9],"Validation":{"Settings":{"ForceResponse":"OFF","ForceResponseType":"ON","Type":"None"}},"GradingData":[],"Language":[],"Answers":{"1":{"Display":"1 \u2013 Not at all satisfied "},"2":{"Display":"2  \u2013 slightly satisfied "},"3":{"Display":"3 \u2013 moderately satisfied "},"4":{"Display":"4 \u2013 Very satisfied "},"5":{"Display":"5 \u2013 Extremely satisfied "}},"AnswerOrder":[1,2,3,4,5],"ChoiceDataExportTags":false,"QuestionText_Unsafe":"How Satisfied are you when you purchase a product based off the following sources' recommendation?"}},{"SurveyID":"SV_9EMz4vUv85Ya5cF","Element":"SQ","PrimaryAttribute":"QID23","SecondaryAttribute":"How true are the following statements?","TertiaryAttribute":null,"Payload":{"QuestionText":"How true are the following statements?","DefaultChoices":false,"DataExportTag":"Q27","QuestionID":"QID23","QuestionType":"Matrix","Selector":"Likert","SubSelector":"SingleAnswer","Configuration":{"QuestionDescriptionOption":"UseText","TextPosition":"inline","ChoiceColumnWidth":25,"RepeatHeaders":"none","WhiteSpace":"OFF","MobileFirst":true},"QuestionDescription":"How true are the following statements?","Choices":{"1":{"Display":"If I am satisfied with a product\/service, I will try out other product\/services offered by the brand"},"2":{"Display":"If I am satisfied with a product\/service, I will let my friends, coworkers, and\/or family know"}},"ChoiceOrder":[1,2],"Validation":{"Settings":{"ForceResponse":"OFF","ForceResponseType":"ON","Type":"None"}},"GradingData":[],"Language":[],"Answers":{"1":{"Display":"1-Never true"},"2":{"Display":"2-Rarely true"},"3":{"Display":"3-Sometimes but infrequently true"},"4":{"Display":"4-Neutral"},"5":{"Display":"5-Sometimes true"},"6":{"Display":"6-Usually true"},"7":{"Display":"7-Always true"}},"AnswerOrder":[1,2,3,4,5,6,7],"ChoiceDataExportTags":false,"QuestionText_Unsafe":"How true are the following statements?"}},{"SurveyID":"SV_9EMz4vUv85Ya5cF","Element":"SQ","PrimaryAttribute":"QID49","SecondaryAttribute":"How trustworthy is the advertisement\/claims\/product information you see in the video?","TertiaryAttribute":null,"Payload":{"QuestionText":"<span style=\"font-family: Arial; font-size: 16px; white-space: pre-wrap; background-color: transparent;\">How trustworthy is the advertisement\/claims\/product information you see in the video?<\/span><div><span style=\"font-family: Arial; font-size: 16px; white-space: pre-wrap; background-color: transparent;\"><br><\/span><\/div>","DefaultChoices":false,"DataExportTag":"Q28","QuestionID":"QID49","QuestionType":"Matrix","Selector":"Likert","SubSelector":"SingleAnswer","Configuration":{"QuestionDescriptionOption":"UseText","TextPosition":"inline","ChoiceColumnWidth":25,"RepeatHeaders":"none","WhiteSpace":"OFF","MobileFirst":true},"QuestionDescription":"How trustworthy is the advertisement\/claims\/product information you see in the video?","Choices":{"1":{"Display":"How credible"},"2":{"Display":"How likeable"}},"ChoiceOrder":[1,2],"Validation":{"Settings":{"ForceResponse":"OFF","ForceResponseType":"ON","Type":"None"}},"GradingData":[],"Language":[],"Answers":{"1":{"Display":"Low level of trust"},"2":{"Display":"Neutral"},"3":{"Display":"High level of trust"}},"AnswerOrder":[1,2,3],"ChoiceDataExportTags":false,"QuestionText_Unsafe":"<span style=\"font-family: Arial; font-size: 16px; white-space: pre-wrap; background-color: transparent;\">How trustworthy is the advertisement\/claims\/product information you see in the video?<\/span><div><span style=\"font-family: Arial; font-size: 16px; white-space: pre-wrap; background-color: transparent;\"><br><\/span><\/div>"}},{"SurveyID":"SV_9EMz4vUv85Ya5cF","Element":"SQ","PrimaryAttribute":"QID51","SecondaryAttribute":"How trustworthy is the advertisement\/claims\/product information you see in the video?","TertiaryAttribute":null,"Payload":{"QuestionText":"<span id=\"docs-internal-guid-e38eb108-a7c2-c0d9-de71-734af42e0a06\"><p><span style=\"font-size: 16px; font-family: Arial; vertical-align: baseline; white-space: pre-wrap; background-color: transparent;\">How trustworthy is the advertisement\/claims\/product information you see in the video?<\/span><\/p><div><span style=\"font-size: 16px; font-family: Arial; vertical-align: baseline; white-space: pre-wrap; background-color: transparent;\"><br><\/span><\/div><\/span>","DefaultChoices":false,"DataExportTag":"Q51","QuestionType":"MC","Selector":"SAHR","SubSelector":"TX","Configuration":{"QuestionDescriptionOption":"UseText","LabelPosition":"BELOW"},"QuestionDescription":"How trustworthy is the advertisement\/claims\/product information you see in the video?","Choices":{"1":{"Display":"Extremely positive"},"2":{"Display":"Moderately positive"},"3":{"Display":"Slightly positive"},"4":{"Display":"Neither positive nor negative"},"5":{"Display":"Slightly negative"},"6":{"Display":"Moderately negative"},"7":{"Display":"Extremely negative"}},"ChoiceOrder":[1,2,3,4,5,6,7],"Validation":{"Settings":{"ForceResponse":"OFF","ForceResponseType":"ON","Type":"None"}},"GradingData":[],"Language":[],"QuestionID":"QID51"}},{"SurveyID":"SV_9EMz4vUv85Ya5cF","Element":"SQ","PrimaryAttribute":"QID43","SecondaryAttribute":"https:\/\/www.youtube.com\/watch?v=8Jz8DF3aAwk ","TertiaryAttribute":null,"Payload":{"QuestionText":"<iframe width=\"560\" height=\"315\" src=\"https:\/\/www.youtube.com\/embed\/8Jz8DF3aAwk\" frameborder=\"0\" allowfullscreen><\/iframe>","DataExportTag":"Q43","QuestionType":"MC","Selector":"SAVR","SubSelector":"TX","Configuration":{"QuestionDescriptionOption":"UseText"},"QuestionDescription":"https:\/\/www.youtube.com\/watch?v=8Jz8DF3aAwk ","Choices":{"1":{"Display":"Click to write Choice 1"},"2":{"Display":"Click to write Choice 2"},"3":{"Display":"Click to write Choice 3"}},"ChoiceOrder":["1","2","3"],"Validation":{"Settings":{"ForceResponse":"OFF","ForceResponseType":"ON","Type":"None"}},"Language":[],"QuestionID":"QID43"}},{"SurveyID":"SV_9EMz4vUv85Ya5cF","Element":"SQ","PrimaryAttribute":"QID31","SecondaryAttribute":"Part 1: Social media is a website and application that enables users to create and share content...","TertiaryAttribute":null,"Payload":{"QuestionText":"<span id=\"docs-internal-guid-71431463-92ef-cdb5-179d-325bc3a7989a\"><p><span id=\"docs-internal-guid-71431463-93a2-94ae-650a-afd71e7b9645\"><\/span><\/p><p><span style=\"font-size:16px;font-family:'Times New Roman';color:#000000;background-color:#ffffff;font-weight:700;font-style:normal;font-variant:normal;text-decoration:none;vertical-align:baseline;white-space:pre-wrap;\">Part 1: Social media is a website and application that enables users to create and share content or to participate in social networking. The following set of questions is about your overall experience with social media platform. <\/span><\/p><\/span>","DefaultChoices":false,"DataExportTag":"Q2.1","QuestionType":"DB","Selector":"TB","Configuration":{"QuestionDescriptionOption":"UseText"},"QuestionDescription":"Part 1: Social media is a website and application that enables users to create and share content...","ChoiceOrder":[],"Validation":{"Settings":{"Type":"None"}},"GradingData":[],"Language":[],"QuestionID":"QID31","QuestionText_Unsafe":"<span id=\"docs-internal-guid-71431463-92ef-cdb5-179d-325bc3a7989a\"><p><span id=\"docs-internal-guid-71431463-93a2-94ae-650a-afd71e7b9645\"><\/span><\/p><p><span style=\"font-size:16px;font-family:'Times New Roman';color:#000000;background-color:#ffffff;font-weight:700;font-style:normal;font-variant:normal;text-decoration:none;vertical-align:baseline;white-space:pre-wrap;\">Part 1: Social media is a website and application that enables users to create and share content or to participate in social networking. The following set of questions is about your overall experience with social media platform. <\/span><\/p><\/span>"}},{"SurveyID":"SV_9EMz4vUv85Ya5cF","Element":"SQ","PrimaryAttribute":"QID34","SecondaryAttribute":"Part 2: In this part, we are interested in knowing from which sources you gather information abou...","TertiaryAttribute":null,"Payload":{"QuestionText":"<span id=\"docs-internal-guid-71431463-93a4-2be1-b077-b4188c6d0cc3\"><p><span id=\"docs-internal-guid-71431463-93a4-6b6b-cb13-cf96008be07a\"><span style=\"font-family: &quot;Times New Roman&quot;; font-size: 16px; font-weight: 700; vertical-align: baseline; white-space: pre-wrap;\">Part 2: In this part, we are interested in knowing from which sources you gather information about products and services&nbsp;when you make a purchase decision. <\/span><\/span><\/p><\/span>","DefaultChoices":false,"DataExportTag":"Q3.1","QuestionType":"DB","Selector":"TB","Configuration":{"QuestionDescriptionOption":"UseText"},"QuestionDescription":"Part 2: In this part, we are interested in knowing from which sources you gather information abou...","ChoiceOrder":[],"Validation":{"Settings":{"Type":"None"}},"GradingData":[],"Language":[],"QuestionID":"QID34","QuestionText_Unsafe":"<span id=\"docs-internal-guid-71431463-93a4-2be1-b077-b4188c6d0cc3\"><p><span id=\"docs-internal-guid-71431463-93a4-6b6b-cb13-cf96008be07a\"><span style=\"font-family: &quot;Times New Roman&quot;; font-size: 16px; font-weight: 700; vertical-align: baseline; white-space: pre-wrap;\">Part 2: In this part, we are interested in knowing from which sources you gather information about products and services&nbsp;when you make a purchase decision. <\/span><\/span><\/p><\/span>"}},{"SurveyID":"SV_9EMz4vUv85Ya5cF","Element":"SQ","PrimaryAttribute":"QID32","SecondaryAttribute":"Part 3: In this part, you will be presented with the questions that will help us understand your...","TertiaryAttribute":null,"Payload":{"QuestionText":"<span id=\"docs-internal-guid-71431463-93a2-fbb3-e076-115714668e4f\"><p><span style=\"font-size: 14.6667px; font-family: Arial; font-weight: 700; vertical-align: baseline; white-space: pre-wrap; background-color: transparent;\">Part 3: In this part, you will be presented with the questions that will help us understand your opinions and attitudes toward opinion leaders. &nbsp;<\/span><\/p><div><span style=\"font-size: 14.6667px; font-family: Arial; font-weight: 700; vertical-align: baseline; white-space: pre-wrap; background-color: transparent;\"><br><\/span><\/div><\/span>","DefaultChoices":false,"DataExportTag":"Q4.1","QuestionType":"DB","Selector":"TB","Configuration":{"QuestionDescriptionOption":"UseText"},"QuestionDescription":"Part 3: In this part, you will be presented with the questions that will help us understand your...","ChoiceOrder":[],"Validation":{"Settings":{"Type":"None"}},"GradingData":[],"Language":[],"QuestionID":"QID32","QuestionText_Unsafe":"<span id=\"docs-internal-guid-71431463-93a2-fbb3-e076-115714668e4f\"><p><span style=\"font-size: 14.6667px; font-family: Arial; font-weight: 700; vertical-align: baseline; white-space: pre-wrap; background-color: transparent;\">Part 3: In this part, you will be presented with the questions that will help us understand your opinions and attitudes toward opinion leaders. &nbsp;<\/span><\/p><div><span style=\"font-size: 14.6667px; font-family: Arial; font-weight: 700; vertical-align: baseline; white-space: pre-wrap; background-color: transparent;\"><br><\/span><\/div><\/span>"}},{"SurveyID":"SV_9EMz4vUv85Ya5cF","Element":"SQ","PrimaryAttribute":"QID46","SecondaryAttribute":"Part 4: Okay, let's have some fun. Here, you will be presented with a product review about Nike s...","TertiaryAttribute":null,"Payload":{"QuestionText":"<span style=\"font-size:16px;\"><strong>Part 4: Okay, let's have some fun. Here, you will be presented with a product review about Nike shoes. Then, you will be asked some questions about the reviewer, reviewer, and the product being reviewed. &nbsp;<\/strong><\/span><div><span style=\"font-size:16px;\"><strong><br><\/strong><\/span><\/div><div><span style=\"font-size:16px;\"><strong>Are you ready? Click the play button in the video next page.<\/strong><\/span><\/div>","DefaultChoices":false,"DataExportTag":"Q5.1","QuestionID":"QID46","QuestionType":"DB","Selector":"TB","Configuration":{"QuestionDescriptionOption":"UseText"},"QuestionDescription":"Part 4: Okay, let's have some fun. Here, you will be presented with a product review about Nike s...","ChoiceOrder":[],"Validation":{"Settings":{"Type":"None"}},"GradingData":[],"Language":[],"QuestionText_Unsafe":"<span style=\"font-size:16px;\"><strong>Part 4: Okay, let's have some fun. Here, you will be presented with a product review about Nike shoes. Then, you will be asked some questions about the reviewer, reviewer, and the product being reviewed. &nbsp;<\/strong><\/span><div><span style=\"font-size:16px;\"><strong><br><\/strong><\/span><\/div><div><span style=\"font-size:16px;\"><strong>Are you ready? Click the play button in the video next page.<\/strong><\/span><\/div>"}},{"SurveyID":"SV_9EMz4vUv85Ya5cF","Element":"SQ","PrimaryAttribute":"QID47","SecondaryAttribute":"Part 4: Okay, let's have some fun. Here, you will be presented with an advertisement about Nike s...","TertiaryAttribute":null,"Payload":{"QuestionText":"<span style=\"font-size: 16px;\"><strong>Part 4: Okay, let's have some fun. Here, you will be presented with an advertisement about Nike shoes. Then, you will be asked some questions about the ad, spokesperson, and the product being advertised. &nbsp;<\/strong><\/span><div><span style=\"font-size: 16px;\"><strong><br><\/strong><\/span><\/div><div><span style=\"font-size: 16px;\"><strong>Are you ready? Click the play button in the video next page.<\/strong><\/span><\/div>","DefaultChoices":false,"DataExportTag":"Q6.1","QuestionID":"QID47","QuestionType":"DB","Selector":"TB","Configuration":{"QuestionDescriptionOption":"UseText"},"QuestionDescription":"Part 4: Okay, let's have some fun. Here, you will be presented with an advertisement about Nike s...","ChoiceOrder":[],"Validation":{"Settings":{"Type":"None"}},"GradingData":[],"Language":[],"QuestionText_Unsafe":"<span style=\"font-size: 16px;\"><strong>Part 4: Okay, let's have some fun. Here, you will be presented with an advertisement about Nike shoes. Then, you will be asked some questions about the ad, spokesperson, and the product being advertised. &nbsp;<\/strong><\/span><div><span style=\"font-size: 16px;\"><strong><br><\/strong><\/span><\/div><div><span style=\"font-size: 16px;\"><strong>Are you ready? Click the play button in the video next page.<\/strong><\/span><\/div>"}},{"SurveyID":"SV_9EMz4vUv85Ya5cF","Element":"SQ","PrimaryAttribute":"QID35","SecondaryAttribute":"Part 5: In this section, you will be asked about your purchasing behavior. \u00a0","TertiaryAttribute":null,"Payload":{"QuestionText":"<p><span id=\"docs-internal-guid-71431463-93a5-ba74-d1e5-27350eef83e8\"><span style=\"font-family: Arial; font-size: 14.66px; font-weight: 700; vertical-align: baseline; white-space: pre-wrap; background-color: transparent;\">Part 5: In this section, you will be asked about your purchasing behavior.<\/span><\/span><\/p>\n\n<div>&nbsp;<\/div>","DefaultChoices":false,"DataExportTag":"Q8.1","QuestionID":"QID35","QuestionType":"DB","Selector":"TB","Configuration":{"QuestionDescriptionOption":"UseText"},"QuestionDescription":"Part 5: In this section, you will be asked about your purchasing behavior. \u00a0","ChoiceOrder":[],"Validation":{"Settings":{"Type":"None"}},"GradingData":[],"Language":[],"QuestionText_Unsafe":"<p><span id=\"docs-internal-guid-71431463-93a5-ba74-d1e5-27350eef83e8\"><span style=\"font-family: Arial; font-size: 14.66px; font-weight: 700; vertical-align: baseline; white-space: pre-wrap; background-color: transparent;\">Part 5: In this section, you will be asked about your purchasing behavior.<\/span><\/span><\/p>\n\n<div>&nbsp;<\/div>"}},{"SurveyID":"SV_9EMz4vUv85Ya5cF","Element":"SQ","PrimaryAttribute":"QID33","SecondaryAttribute":"Part 6: Okay, we are almost done. This part deals with demographic questions for the statistical...","TertiaryAttribute":null,"Payload":{"QuestionText":"<span id=\"docs-internal-guid-71431463-92f4-3198-f992-ed01a9a56911\"><p><span id=\"docs-internal-guid-71431463-93a7-9813-c8fd-86c67f117dc9\"><\/span><\/p><p><span style=\"font-size:16px;font-family:'Times New Roman';color:#000000;background-color:transparent;font-weight:700;font-style:normal;font-variant:normal;text-decoration:none;vertical-align:baseline;white-space:pre-wrap;\">Part 6:<\/span><span style=\"font-size:16px;font-family:'Times New Roman';color:#000000;background-color:#ffffff;font-weight:700;font-style:normal;font-variant:normal;text-decoration:none;vertical-align:baseline;white-space:pre-wrap;\"> Okay, we are almost done. This part deals with demographic questions for the statistical purpose only. Your response will remain anonymous, and will be looked at at an aggregate level only after being combined with those of all other participants.<\/span><\/p><\/span>","DefaultChoices":false,"DataExportTag":"Q9.1","QuestionType":"DB","Selector":"TB","Configuration":{"QuestionDescriptionOption":"UseText"},"QuestionDescription":"Part 6: Okay, we are almost done. This part deals with demographic questions for the statistical...","ChoiceOrder":[],"Validation":{"Settings":{"Type":"None"}},"GradingData":[],"Language":[],"QuestionID":"QID33","QuestionText_Unsafe":"<span id=\"docs-internal-guid-71431463-92f4-3198-f992-ed01a9a56911\"><p><span id=\"docs-internal-guid-71431463-93a7-9813-c8fd-86c67f117dc9\"><\/span><\/p><p><span style=\"font-size:16px;font-family:'Times New Roman';color:#000000;background-color:transparent;font-weight:700;font-style:normal;font-variant:normal;text-decoration:none;vertical-align:baseline;white-space:pre-wrap;\">Part 6:<\/span><span style=\"font-size:16px;font-family:'Times New Roman';color:#000000;background-color:#ffffff;font-weight:700;font-style:normal;font-variant:normal;text-decoration:none;vertical-align:baseline;white-space:pre-wrap;\"> Okay, we are almost done. This part deals with demographic questions for the statistical purpose only. Your response will remain anonymous, and will be looked at at an aggregate level only after being combined with those of all other participants.<\/span><\/p><\/span>"}},{"SurveyID":"SV_9EMz4vUv85Ya5cF","Element":"SQ","PrimaryAttribute":"QID10","SecondaryAttribute":"Please indicate how often you see ads in the following format.","TertiaryAttribute":null,"Payload":{"QuestionText":"Please indicate how often you see ads in the following format.<div><br><\/div>","DefaultChoices":false,"DataExportTag":"Q12","QuestionID":"QID10","QuestionType":"Matrix","Selector":"Likert","SubSelector":"SingleAnswer","Configuration":{"QuestionDescriptionOption":"UseText","TextPosition":"inline","ChoiceColumnWidth":25,"RepeatHeaders":"none","WhiteSpace":"OFF","MobileFirst":true},"QuestionDescription":"Please indicate how often you see ads in the following format.","Choices":{"1":{"Display":"On a website"},"2":{"Display":"On a social media platform"},"3":{"Display":"On TV"},"4":{"Display":"On a billboard"},"5":{"Display":"In a magazine"}},"ChoiceOrder":[1,2,3,4,5],"Validation":{"Settings":{"ForceResponse":"OFF","ForceResponseType":"ON","Type":"None"}},"GradingData":[],"Language":[],"Answers":{"1":{"Display":"1-Very likely"},"2":{"Display":"2-likely"},"3":{"Display":"3-Neutral"},"4":{"Display":"4-Unlikely"},"5":{"Display":"5-Very unlikely"}},"AnswerOrder":[1,2,3,4,5],"ChoiceDataExportTags":false,"QuestionText_Unsafe":"Please indicate how often you see ads in the following format.<div><br><\/div>"}},{"SurveyID":"SV_9EMz4vUv85Ya5cF","Element":"SQ","PrimaryAttribute":"QID28","SecondaryAttribute":"Please indicate how often you see ads in the following format.","TertiaryAttribute":null,"Payload":{"QuestionText":"<span style=\"color: rgb(51, 51, 51); font-family: sans-serif, Arial, Verdana, 'Trebuchet MS'; font-size: 13px;\">Please indicate how often you see ads in the following format.<\/span><div><span style=\"color: rgb(51, 51, 51); font-family: sans-serif, Arial, Verdana, 'Trebuchet MS'; font-size: 13px;\"><br><\/span><\/div>","DefaultChoices":false,"DataExportTag":"Q4.4","QuestionID":"QID28","QuestionType":"Matrix","Selector":"Likert","SubSelector":"SingleAnswer","Configuration":{"QuestionDescriptionOption":"UseText","TextPosition":"inline","ChoiceColumnWidth":25,"RepeatHeaders":"none","WhiteSpace":"OFF","MobileFirst":true},"QuestionDescription":"Please indicate how often you see ads in the following format.","Choices":{"1":{"Display":"On TV "},"2":{"Display":"In magazines or newspapers"},"3":{"Display":"On a website"},"4":{"Display":"On a social media platform"},"5":{"Display":"On billboards or posters"}},"ChoiceOrder":[1,2,3,4,5],"Validation":{"Settings":{"ForceResponse":"OFF","ForceResponseType":"ON","Type":"None"}},"GradingData":[],"Language":[],"Answers":{"1":{"Display":"1-Never"},"2":{"Display":"2-Sometimes"},"3":{"Display":"3-About half the time"},"4":{"Display":"4-Most of the time"},"5":{"Display":"5-Frequently"}},"AnswerOrder":[1,2,3,4,5],"ChoiceDataExportTags":false,"QuestionText_Unsafe":"<span style=\"color: rgb(51, 51, 51); font-family: sans-serif, Arial, Verdana, 'Trebuchet MS'; font-size: 13px;\">Please indicate how often you see ads in the following format.<\/span><div><span style=\"color: rgb(51, 51, 51); font-family: sans-serif, Arial, Verdana, 'Trebuchet MS'; font-size: 13px;\"><br><\/span><\/div>"}},{"SurveyID":"SV_9EMz4vUv85Ya5cF","Element":"SQ","PrimaryAttribute":"QID41","SecondaryAttribute":"Please indicate how often you see ads in the following format.","TertiaryAttribute":null,"Payload":{"QuestionText":"Please indicate how often you see ads in the following format.<div><br><\/div>","DefaultChoices":false,"QuestionType":"Matrix","Selector":"Likert","SubSelector":"SingleAnswer","Configuration":{"QuestionDescriptionOption":"UseText","TextPosition":"inline","ChoiceColumnWidth":25,"RepeatHeaders":"none","WhiteSpace":"OFF","MobileFirst":true},"QuestionDescription":"Please indicate how often you see ads in the following format.","Choices":{"1":{"Display":"On a website"},"2":{"Display":"On a social media platform"},"3":{"Display":"On TV"},"4":{"Display":"On a billboard"},"5":{"Display":"In a magazine"}},"ChoiceOrder":[1,2,3,4,5],"Validation":{"Settings":{"ForceResponse":"OFF","ForceResponseType":"ON","Type":"None"}},"GradingData":[],"Language":[],"Answers":{"1":{"Display":"1-Very likely"},"2":{"Display":"2-likely"},"3":{"Display":"3-Neutral"},"4":{"Display":"4-Unlikely"},"5":{"Display":"5-Very unlikely"}},"AnswerOrder":[1,2,3,4,5],"ChoiceDataExportTags":false,"QuestionText_Unsafe":"Please indicate how often you see ads in the following format.<div><br><\/div>","DataExportTag":"Q41","QuestionID":"QID41"}},{"SurveyID":"SV_9EMz4vUv85Ya5cF","Element":"SQ","PrimaryAttribute":"QID45","SecondaryAttribute":"Please indicate the extent to which you agree or disagree with each of the following statements a...","TertiaryAttribute":null,"Payload":{"QuestionText":"<span id=\"docs-internal-guid-ab063a72-1343-cff3-ddff-e284e39e2b3a\"><p><span style=\"font-family: Arial; color: rgb(85, 85, 85); vertical-align: baseline; white-space: pre-wrap;\">Please indicate the extent to which you agree or disagree with each of the following statements about the spokesperson in the video.<\/span><\/p><div><span style=\"font-family: Arial; color: rgb(85, 85, 85); vertical-align: baseline; white-space: pre-wrap;\"><br><\/span><\/div><\/span>","DefaultChoices":false,"DataExportTag":"Q7.1","QuestionID":"QID45","QuestionType":"Matrix","Selector":"Likert","SubSelector":"SingleAnswer","Configuration":{"QuestionDescriptionOption":"UseText","TextPosition":"inline","ChoiceColumnWidthPixels":216,"MobileFirst":true,"RepeatHeaders":"none","WhiteSpace":"OFF"},"QuestionDescription":"Please indicate the extent to which you agree or disagree with each of the following statements a...","Choices":{"1":{"Display":"The spokesperson is knowledgeable."},"2":{"Display":"The spokesperson is trustworthy."},"3":{"Display":"The spokesperson is likable."}},"ChoiceOrder":[1,2,3],"Validation":{"Settings":{"ForceResponse":"OFF","ForceResponseType":"ON","Type":"None"}},"GradingData":[],"Language":[],"Answers":{"1":{"Display":"Strongly disagree"},"2":{"Display":"Disagree"},"3":{"Display":"Somewhat disagree"},"4":{"Display":"Neither agree nor disagree"},"5":{"Display":"Somewhat agree"},"6":{"Display":"Agree"},"7":{"Display":"Strongly agree"}},"AnswerOrder":[1,2,3,4,5,6,7],"ChoiceDataExportTags":false,"QuestionText_Unsafe":"<span id=\"docs-internal-guid-e38eb108-a7c2-c0d9-de71-734af42e0a06\"><p><span style=\"font-size: 16px; font-family: Arial; vertical-align: baseline; white-space: pre-wrap; background-color: transparent;\">Please indicate the extent to which you agree or disagree with each of the following statements about the spokesperson in the video.<\/span><\/p><\/span>"}},{"SurveyID":"SV_9EMz4vUv85Ya5cF","Element":"SQ","PrimaryAttribute":"QID53","SecondaryAttribute":"Please indicate the extent to which you agree or disagree with each of the following statements.","TertiaryAttribute":null,"Payload":{"QuestionText":"<span id=\"docs-internal-guid-e38eb108-a7c2-c0d9-de71-734af42e0a06\"><p><span style=\"font-size: 16px; font-family: Arial; vertical-align: baseline; white-space: pre-wrap; background-color: transparent;\">Please indicate the extent to which you agree or disagree with each of the following statements.<\/span><\/p><\/span>","DefaultChoices":false,"DataExportTag":"Q7.3","QuestionType":"Matrix","Selector":"Likert","SubSelector":"SingleAnswer","Configuration":{"QuestionDescriptionOption":"UseText","TextPosition":"inline","ChoiceColumnWidthPixels":216,"RepeatHeaders":"none","MobileFirst":true,"WhiteSpace":"OFF"},"QuestionDescription":"Please indicate the extent to which you agree or disagree with each of the following statements.","Choices":{"1":{"Display":"The featured product is desirable."},"2":{"Display":"The featured product is positive"},"3":{"Display":"The featured product is useful"}},"ChoiceOrder":[1,2,3],"Validation":{"Settings":{"ForceResponse":"OFF","ForceResponseType":"ON","Type":"None"}},"GradingData":[],"Language":[],"Answers":{"1":{"Display":"Strongly disagree"},"2":{"Display":"Disagree"},"3":{"Display":"Somewhat disagree"},"4":{"Display":"Neither agree nor disagree"},"5":{"Display":"Somewhat agree"},"6":{"Display":"Agree"},"7":{"Display":"Strongly agree"}},"AnswerOrder":[1,2,3,4,5,6,7],"ChoiceDataExportTags":false,"QuestionID":"QID53","QuestionText_Unsafe":"<span id=\"docs-internal-guid-e38eb108-a7c2-c0d9-de71-734af42e0a06\"><p><span style=\"font-size: 16px; font-family: Arial; vertical-align: baseline; white-space: pre-wrap; background-color: transparent;\">Please indicate the extent to which you agree or disagree with each of the following statements.<\/span><\/p><\/span>"}},{"SurveyID":"SV_9EMz4vUv85Ya5cF","Element":"SQ","PrimaryAttribute":"QID55","SecondaryAttribute":"Please indicate the extent to which you agree or disagree with each of the following statements.","TertiaryAttribute":null,"Payload":{"QuestionText":"<span id=\"docs-internal-guid-e38eb108-a7c2-c0d9-de71-734af42e0a06\"><p><span style=\"font-size: 16px; font-family: Arial; vertical-align: baseline; white-space: pre-wrap; background-color: transparent;\">Please indicate the extent to which you agree or disagree with each of the following statements.<\/span><\/p><\/span>","DefaultChoices":false,"DataExportTag":"Q7.4","QuestionType":"Matrix","Selector":"Likert","SubSelector":"SingleAnswer","Configuration":{"QuestionDescriptionOption":"UseText","TextPosition":"inline","ChoiceColumnWidthPixels":216,"RepeatHeaders":"none","WhiteSpace":"OFF","MobileFirst":true},"QuestionDescription":"Please indicate the extent to which you agree or disagree with each of the following statements.","Choices":{"1":{"Display":"It is likely that I will buy the featured product in the future."},"2":{"Display":"It is likely that I will share the video with my social media friends."}},"ChoiceOrder":[1,2],"Validation":{"Settings":{"ForceResponse":"OFF","ForceResponseType":"ON","Type":"None"}},"GradingData":[],"Language":[],"Answers":{"1":{"Display":"Strongly disagree"},"2":{"Display":"Disagree"},"3":{"Display":"Somewhat disagree"},"4":{"Display":"Neither agree nor disagree"},"5":{"Display":"Somewhat agree"},"6":{"Display":"Agree"},"7":{"Display":"Strongly agree"}},"AnswerOrder":[1,2,3,4,5,6,7],"ChoiceDataExportTags":false,"QuestionID":"QID55","QuestionText_Unsafe":"<span id=\"docs-internal-guid-e38eb108-a7c2-c0d9-de71-734af42e0a06\"><p><span style=\"font-size: 16px; font-family: Arial; vertical-align: baseline; white-space: pre-wrap; background-color: transparent;\">Please indicate the extent to which you agree or disagree with each of the following statements.<\/span><\/p><\/span>"}},{"SurveyID":"SV_9EMz4vUv85Ya5cF","Element":"SQ","PrimaryAttribute":"QID7","SecondaryAttribute":"Please indicate the extent to which you would rely on the following to get recommendations from t...","TertiaryAttribute":null,"Payload":{"QuestionText":"Please indicate the extent to which you would rely on the following to get recommendations from to purchase a product?","DefaultChoices":false,"DataExportTag":"Q4.2","QuestionID":"QID7","QuestionType":"Matrix","Selector":"Likert","SubSelector":"SingleAnswer","Configuration":{"QuestionDescriptionOption":"UseText","TextPosition":"inline","ChoiceColumnWidth":25,"RepeatHeaders":"none","WhiteSpace":"OFF","MobileFirst":true},"QuestionDescription":"Please indicate the extent to which you would rely on the following to get recommendations from t...","Choices":{"1":{"Display":"Strangers"},"2":{"Display":"Friends"},"3":{"Display":"Family"},"4":{"Display":"Online Opinion Leaders"},"5":{"Display":"Celebritries"},"6":{"Display":"Co-workers"},"7":{"Display":"Online users"},"8":{"Display":"Small Company "},"9":{"Display":"Large Company"}},"ChoiceOrder":[1,2,3,4,5,6,7,8,9],"Validation":{"Settings":{"ForceResponse":"OFF","ForceResponseType":"ON","Type":"None"}},"GradingData":[],"Language":[],"Answers":{"1":{"Display":"1 - A lot"},"2":{"Display":"2"},"3":{"Display":"3"},"4":{"Display":"4"},"5":{"Display":"5 - Not at all"}},"AnswerOrder":[1,2,3,4,5],"ChoiceDataExportTags":false,"QuestionText_Unsafe":"Please indicate the extent to which you would rely on the following to get recommendations from to purchase a product?"}},{"SurveyID":"SV_9EMz4vUv85Ya5cF","Element":"SQ","PrimaryAttribute":"QID9","SecondaryAttribute":"Please indicate the likelihood that you will trust the following source's information.","TertiaryAttribute":null,"Payload":{"QuestionText":"Please indicate the likelihood that you will trust the following source's information.","DefaultChoices":false,"DataExportTag":"Q4.3","QuestionID":"QID9","QuestionType":"Matrix","Selector":"Likert","SubSelector":"SingleAnswer","Configuration":{"QuestionDescriptionOption":"UseText","TextPosition":"inline","ChoiceColumnWidth":25,"RepeatHeaders":"none","WhiteSpace":"OFF","MobileFirst":true},"QuestionDescription":"Please indicate the likelihood that you will trust the following source's information.","Choices":{"1":{"Display":"Stranger"},"2":{"Display":"Friends"},"3":{"Display":"Family"},"4":{"Display":"Online Opinion Leaders"},"5":{"Display":"Celebritries"},"6":{"Display":"Co-workers"},"7":{"Display":"Online users"},"8":{"Display":"Small Company "},"9":{"Display":"Large Company"}},"ChoiceOrder":[1,2,3,4,5,6,7,8,9],"Validation":{"Settings":{"ForceResponse":"OFF","ForceResponseType":"ON","Type":"None"}},"GradingData":[],"Language":[],"Answers":{"1":{"Display":"1-Very likely"},"2":{"Display":"2-Likely"},"3":{"Display":"3-Neutral"},"4":{"Display":"4-Somewhat unlikely"},"5":{"Display":"5-Very unlikely"}},"AnswerOrder":[1,2,3,4,5],"ChoiceDataExportTags":false,"QuestionText_Unsafe":"Please indicate the likelihood that you will trust the following source's information."}},{"SurveyID":"SV_9EMz4vUv85Ya5cF","Element":"SQ","PrimaryAttribute":"QID11","SecondaryAttribute":"Please indicate the likelihood that you would purchase a product\/service within one week after he...","TertiaryAttribute":null,"Payload":{"QuestionText":"Please indicate the likelihood that you would purchase a product\/service within one week after hearing about it through the following channels.<div><br><\/div>","DefaultChoices":false,"DataExportTag":"Q3.2","QuestionID":"QID11","QuestionType":"Matrix","Selector":"Likert","SubSelector":"SingleAnswer","Configuration":{"QuestionDescriptionOption":"UseText","TextPosition":"inline","ChoiceColumnWidth":25,"RepeatHeaders":"none","WhiteSpace":"OFF","MobileFirst":true},"QuestionDescription":"Please indicate the likelihood that you would purchase a product\/service within one week after he...","Choices":{"1":{"Display":"Strangers"},"2":{"Display":"Friends"},"3":{"Display":"Family"},"4":{"Display":"Online Opinion Leaders"},"5":{"Display":"Celebritries"},"6":{"Display":"Co-workers"},"7":{"Display":"Online users"},"8":{"Display":"Small Company "},"9":{"Display":"Large Company"}},"ChoiceOrder":[1,2,3,4,5,6,7,8,9],"Validation":{"Settings":{"ForceResponse":"OFF","ForceResponseType":"ON","Type":"None"}},"GradingData":[],"Language":[],"Answers":{"1":{"Display":"1-Very likely"},"2":{"Display":"2-likely"},"3":{"Display":"3-Neutral"},"4":{"Display":"4-Unlikely"},"5":{"Display":"5-Very unlikely"}},"AnswerOrder":[1,2,3,4,5],"ChoiceDataExportTags":false,"QuestionText_Unsafe":"Please indicate the likelihood that you would purchase a product\/service within one week after hearing about it through the following channels.<div><br><\/div>"}},{"SurveyID":"SV_9EMz4vUv85Ya5cF","Element":"SQ","PrimaryAttribute":"QID12","SecondaryAttribute":"Please indicate the time frame of which you would make purchase after hearing about it through tr...","TertiaryAttribute":null,"Payload":{"QuestionText":"Please indicate the time frame of which you would make purchase after hearing about it through traditional advertising (TV, radio, print, billboard)","DataExportTag":"Q8.2","QuestionType":"MC","Selector":"SAVR","SubSelector":"TX","Configuration":{"QuestionDescriptionOption":"UseText"},"QuestionDescription":"Please indicate the time frame of which you would make purchase after hearing about it through tr...","Choices":{"1":{"Display":"1-Within 24 hours"},"2":{"Display":"2-Within 48 hours"},"3":{"Display":"3-Within a week"},"4":{"Display":"4-Within a month"},"5":{"Display":"5-Within 3 months"},"6":{"Display":"6-Within a year"}},"ChoiceOrder":[1,2,3,4,5,6],"Validation":{"Settings":{"ForceResponse":"OFF","ForceResponseType":"ON","Type":"None"}},"Language":[],"QuestionID":"QID12","GradingData":[],"QuestionText_Unsafe":"Please indicate the time frame of which you would make purchase after hearing about it through traditional advertising (TV, radio, print, billboard)"}},{"SurveyID":"SV_9EMz4vUv85Ya5cF","Element":"SQ","PrimaryAttribute":"QID15","SecondaryAttribute":"Please rate the level of influence the following sources have on you. ","TertiaryAttribute":null,"Payload":{"QuestionText":"Please rate the level of influence the following sources have on you.&nbsp;","DefaultChoices":false,"DataExportTag":"Q3.4","QuestionID":"QID15","QuestionType":"Matrix","Selector":"Likert","SubSelector":"SingleAnswer","Configuration":{"QuestionDescriptionOption":"UseText","TextPosition":"inline","ChoiceColumnWidth":25,"RepeatHeaders":"none","WhiteSpace":"OFF","MobileFirst":true},"QuestionDescription":"Please rate the level of influence the following sources have on you. ","Choices":{"1":{"Display":"Strangers"},"2":{"Display":"Friends"},"3":{"Display":"Family"},"4":{"Display":"Online Opinion Leaders"},"5":{"Display":"Celebritries"},"6":{"Display":"Co-workers"},"7":{"Display":"Online users"},"8":{"Display":"Small companies\u2019 representatives"},"9":{"Display":"Large companies\u2019 representatives"}},"ChoiceOrder":[1,2,3,4,5,6,7,8,9],"Validation":{"Settings":{"ForceResponse":"OFF","ForceResponseType":"ON","Type":"None"}},"GradingData":[],"Language":[],"Answers":{"1":{"Display":"1 \u2013 not at all influential "},"2":{"Display":"2 \u2013 slightly influential "},"3":{"Display":"3 \u2013 somewhat influential "},"4":{"Display":"4 \u2013 very influential "},"5":{"Display":"5 \u2013 extremely influential "}},"AnswerOrder":[1,2,3,4,5],"ChoiceDataExportTags":false,"QuestionText_Unsafe":"Please rate the level of influence the following sources have on you.&nbsp;"}},{"SurveyID":"SV_9EMz4vUv85Ya5cF","Element":"SQ","PrimaryAttribute":"QID1","SecondaryAttribute":"Study of Social Media Opinion Leader's Influence Dear Survey Participant, \u00a0 We are currently enro..","TertiaryAttribute":null,"Payload":{"QuestionText":"<p style=\"text-align: center;\"><span style=\"font-size: 16px;\"><strong>Study of Social Media Opinion Leader's Influence<\/strong><\/span><\/p><p style=\"text-align: center;\"><span style=\"font-size: 16px;\"><strong><br><\/strong><\/span><\/p>\n\n<p><span style=\"color: rgb(0, 0, 0); font-family: Arial; font-size: 16px; font-style: normal; font-variant: normal; font-weight: 400; text-decoration: none; vertical-align: baseline; white-space: pre-wrap; background-color: transparent;\">Dear Survey Participant, <\/span><\/p>\n\n<p>&nbsp;<\/p>\n\n<p><span style=\"color: rgb(0, 0, 0); font-family: Arial; font-size: 16px; font-style: normal; font-variant: normal; font-weight: 400; text-decoration: none; vertical-align: baseline; white-space: pre-wrap; background-color: transparent;\">We are currently enrolled in the Market Research class at Cal Poly Pomona, and are conducting a research study as a part of our class requirement. <\/span><\/p>\n\n<p>&nbsp;<\/p>\n\n<p><span style=\"color: rgb(34, 34, 34); font-family: Arial; font-size: 16px; font-style: normal; font-variant: normal; font-weight: 400; text-decoration: none; vertical-align: baseline; white-space: pre-wrap; background-color: rgb(255, 255, 255);\">The purpose of the research is to understand how much of an impact opinion leaders on social media have on a consumer\u2019s purchase decisions. We want to hear your thoughts and opinions on this topic. The entire survey should take approximately 20 minutes of your time. This survey <\/span><span style=\"color: rgb(0, 0, 0); font-family: Arial; font-size: 16px; font-style: normal; font-variant: normal; font-weight: 400; text-decoration: none; vertical-align: baseline; white-space: pre-wrap; background-color: transparent;\">will be anonymous and y<\/span><span style=\"color: rgb(34, 34, 34); font-family: Arial; font-size: 16px; font-style: normal; font-variant: normal; font-weight: 400; text-decoration: none; vertical-align: baseline; white-space: pre-wrap; background-color: rgb(255, 255, 255);\">ou may discontinue your participation at any time without any negative consequences. <\/span><\/p>\n\n<p>&nbsp;<\/p>\n\n<p><span style=\"color: rgb(34, 34, 34); font-family: Arial; font-size: 16px; font-style: normal; font-variant: normal; font-weight: 400; text-decoration: none; vertical-align: baseline; white-space: pre-wrap; background-color: rgb(255, 255, 255);\">Please read each question carefully and select the best answer that indicates how you feel towards each question or statement by clicking your response. We ask that you read all items carefully and be honest about your feelings in your responses. <\/span><\/p>\n\n<p>&nbsp;<\/p>\n\n<p><span style=\"color: rgb(34, 34, 34); font-family: Arial; font-size: 16px; font-style: normal; font-variant: normal; font-weight: 400; text-decoration: none; vertical-align: baseline; white-space: pre-wrap; background-color: rgb(255, 255, 255);\">We are available to answer any questions or concerns you may have regarding this study at <\/span><span style=\"color: rgb(17, 85, 204); font-family: Arial; font-size: 16px; font-style: normal; font-variant: normal; font-weight: 400; text-decoration: underline; vertical-align: baseline; white-space: pre-wrap; background-color: rgb(255, 255, 255);\"><a href=\"mailto:ladyresearchers@cpp.edu\">ladyresearchers@cpp.edu<\/a><\/span><span style=\"color: rgb(34, 34, 34); font-family: Arial; font-size: 16px; font-style: normal; font-variant: normal; font-weight: 400; text-decoration: none; vertical-align: baseline; white-space: pre-wrap; background-color: rgb(255, 255, 255);\">. <\/span><\/p>\n\n<p>&nbsp;<\/p>\n\n<p><span style=\"color: rgb(34, 34, 34); font-family: Arial; font-size: 16px; font-style: normal; font-variant: normal; font-weight: 400; text-decoration: none; vertical-align: baseline; white-space: pre-wrap; background-color: rgb(255, 255, 255);\">Thank you in advance for your valuable time and participation. We appreciate your candid responses.<\/span><\/p>\n\n<p>&nbsp;<\/p>\n\n<p><span style=\"color: rgb(34, 34, 34); font-family: Arial; font-size: 16px; font-style: normal; font-variant: normal; font-weight: 400; text-decoration: none; vertical-align: baseline; white-space: pre-wrap; background-color: rgb(255, 255, 255);\">Kind Regards,<\/span><\/p><p><span style=\"color: rgb(34, 34, 34); font-family: Arial; font-size: 16px; font-style: normal; font-variant: normal; font-weight: 400; text-decoration: none; vertical-align: baseline; white-space: pre-wrap; background-color: rgb(255, 255, 255);\"><br><\/span><\/p>\n\n<p><span style=\"color: rgb(0, 0, 0); font-family: Arial; font-size: 14.66px; font-style: normal; font-variant: normal; font-weight: 400; text-decoration: none; vertical-align: baseline; white-space: pre-wrap; background-color: transparent;\">Lizbeth Huerta<\/span><\/p>\n\n<p><span style=\"color: rgb(0, 0, 0); font-family: Arial; font-size: 14.66px; font-style: normal; font-variant: normal; font-weight: 400; text-decoration: none; vertical-align: baseline; white-space: pre-wrap; background-color: transparent;\">Sayaka Kuroda<\/span><\/p>\n\n<p><span style=\"color: rgb(0, 0, 0); font-family: Arial; font-size: 14.66px; font-style: normal; font-variant: normal; font-weight: 400; text-decoration: none; vertical-align: baseline; white-space: pre-wrap; background-color: transparent;\">Rachel Reed<\/span><\/p>\n\n<p><span style=\"color: rgb(0, 0, 0); font-family: Arial; font-size: 14.66px; font-style: normal; font-variant: normal; font-weight: 400; text-decoration: none; vertical-align: baseline; white-space: pre-wrap; background-color: transparent;\">Linda Sau<\/span><\/p>\n\n<p>&nbsp;<\/p>\n\n<div>&nbsp;<\/div>\n<strong>By selecting \"yes&nbsp;I would like to participate in this research\" on the below question, you are agreeing to that you have given your consent to take this survey, and that you are at least 18 years age.<\/strong>","DataExportTag":"Q1.1","QuestionType":"MC","Selector":"SAVR","SubSelector":"TX","Configuration":{"QuestionDescriptionOption":"UseText"},"QuestionDescription":"Study of Social Media Opinion Leader's Influence Dear Survey Participant, \u00a0 We are currently enro...","Choices":{"1":{"Display":"Yes, I would like to participate in this research."},"2":{"Display":"No, I do not want to participate in this research."}},"ChoiceOrder":[1,2],"Validation":{"Settings":{"ForceResponse":"OFF","ForceResponseType":"ON","Type":"None"}},"Language":[],"QuestionID":"QID1","GradingData":[],"QuestionText_Unsafe":"<p style=\"text-align: center;\"><span style=\"font-size: 16px;\"><strong>Study of Social Media Opinion Leader's Influence<\/strong><\/span><\/p><p style=\"text-align: center;\"><span style=\"font-size: 16px;\"><strong><br><\/strong><\/span><\/p>\n\n<p><span style=\"color: rgb(0, 0, 0); font-family: Arial; font-size: 16px; font-style: normal; font-variant: normal; font-weight: 400; text-decoration: none; vertical-align: baseline; white-space: pre-wrap; background-color: transparent;\">Dear Survey Participant, <\/span><\/p>\n\n<p>&nbsp;<\/p>\n\n<p><span style=\"color: rgb(0, 0, 0); font-family: Arial; font-size: 16px; font-style: normal; font-variant: normal; font-weight: 400; text-decoration: none; vertical-align: baseline; white-space: pre-wrap; background-color: transparent;\">We are currently enrolled in the Market Research class at Cal Poly Pomona, and are conducting a research study as a part of our class requirement. <\/span><\/p>\n\n<p>&nbsp;<\/p>\n\n<p><span style=\"color: rgb(34, 34, 34); font-family: Arial; font-size: 16px; font-style: normal; font-variant: normal; font-weight: 400; text-decoration: none; vertical-align: baseline; white-space: pre-wrap; background-color: rgb(255, 255, 255);\">The purpose of the research is to understand how much of an impact opinion leaders on social media have on a consumer\u2019s purchase decisions. We want to hear your thoughts and opinions on this topic. The entire survey should take approximately 25 minutes of your time. This survey <\/span><span style=\"color: rgb(0, 0, 0); font-family: Arial; font-size: 16px; font-style: normal; font-variant: normal; font-weight: 400; text-decoration: none; vertical-align: baseline; white-space: pre-wrap; background-color: transparent;\">will be anonymous and y<\/span><span style=\"color: rgb(34, 34, 34); font-family: Arial; font-size: 16px; font-style: normal; font-variant: normal; font-weight: 400; text-decoration: none; vertical-align: baseline; white-space: pre-wrap; background-color: rgb(255, 255, 255);\">ou may discontinue your participation at any time without any negative consequences. <\/span><\/p>\n\n<p>&nbsp;<\/p>\n\n<p><span style=\"color: rgb(34, 34, 34); font-family: Arial; font-size: 16px; font-style: normal; font-variant: normal; font-weight: 400; text-decoration: none; vertical-align: baseline; white-space: pre-wrap; background-color: rgb(255, 255, 255);\">Please read each question carefully and select the best answer that indicates how you feel towards each question or statement by clicking your response. We ask that you read all items carefully and be honest about your feelings in your responses. <\/span><\/p>\n\n<p>&nbsp;<\/p>\n\n<p><span style=\"color: rgb(34, 34, 34); font-family: Arial; font-size: 16px; font-style: normal; font-variant: normal; font-weight: 400; text-decoration: none; vertical-align: baseline; white-space: pre-wrap; background-color: rgb(255, 255, 255);\">We are available to answer any questions or concerns you may have regarding this study at <\/span><span style=\"color: rgb(17, 85, 204); font-family: Arial; font-size: 16px; font-style: normal; font-variant: normal; font-weight: 400; text-decoration: underline; vertical-align: baseline; white-space: pre-wrap; background-color: rgb(255, 255, 255);\"><a href=\"mailto:ladyresearchers@cpp.edu\">ladyresearchers@cpp.edu<\/a><\/span><span style=\"color: rgb(34, 34, 34); font-family: Arial; font-size: 16px; font-style: normal; font-variant: normal; font-weight: 400; text-decoration: none; vertical-align: baseline; white-space: pre-wrap; background-color: rgb(255, 255, 255);\">. <\/span><\/p>\n\n<p>&nbsp;<\/p>\n\n<p><span style=\"color: rgb(34, 34, 34); font-family: Arial; font-size: 16px; font-style: normal; font-variant: normal; font-weight: 400; text-decoration: none; vertical-align: baseline; white-space: pre-wrap; background-color: rgb(255, 255, 255);\">Thank you in advance for your valuable time and participation. We appreciate your candid responses.<\/span><\/p>\n\n<p>&nbsp;<\/p>\n\n<p><span style=\"color: rgb(34, 34, 34); font-family: Arial; font-size: 16px; font-style: normal; font-variant: normal; font-weight: 400; text-decoration: none; vertical-align: baseline; white-space: pre-wrap; background-color: rgb(255, 255, 255);\">Kind Regards,<\/span><\/p><p><span style=\"color: rgb(34, 34, 34); font-family: Arial; font-size: 16px; font-style: normal; font-variant: normal; font-weight: 400; text-decoration: none; vertical-align: baseline; white-space: pre-wrap; background-color: rgb(255, 255, 255);\"><br><\/span><\/p>\n\n<p><span style=\"color: rgb(0, 0, 0); font-family: Arial; font-size: 14.66px; font-style: normal; font-variant: normal; font-weight: 400; text-decoration: none; vertical-align: baseline; white-space: pre-wrap; background-color: transparent;\">Lizbeth Huerta<\/span><\/p>\n\n<p><span style=\"color: rgb(0, 0, 0); font-family: Arial; font-size: 14.66px; font-style: normal; font-variant: normal; font-weight: 400; text-decoration: none; vertical-align: baseline; white-space: pre-wrap; background-color: transparent;\">Sayaka Kuroda<\/span><\/p>\n\n<p><span style=\"color: rgb(0, 0, 0); font-family: Arial; font-size: 14.66px; font-style: normal; font-variant: normal; font-weight: 400; text-decoration: none; vertical-align: baseline; white-space: pre-wrap; background-color: transparent;\">Rachel Reed<\/span><\/p>\n\n<p><span style=\"color: rgb(0, 0, 0); font-family: Arial; font-size: 14.66px; font-style: normal; font-variant: normal; font-weight: 400; text-decoration: none; vertical-align: baseline; white-space: pre-wrap; background-color: transparent;\">Linda Sau<\/span><\/p>\n\n<p>&nbsp;<\/p>\n\n<div>&nbsp;<\/div>\n<strong>By selecting \"yes&nbsp;I would like to participate in this research\" on the below question, you are agreeing to that you have given your consent to take this survey, and that you are at least 18 years age.<\/strong>"}},{"SurveyID":"SV_9EMz4vUv85Ya5cF","Element":"SQ","PrimaryAttribute":"QID54","SecondaryAttribute":"The amount of information about the Nike shoe in the video was __________________","TertiaryAttribute":null,"Payload":{"QuestionText":"The amount of information about the Nike shoe in the video was __________________","DefaultChoices":false,"DataExportTag":"Q7.2","QuestionType":"Matrix","Selector":"Bipolar","Configuration":{"QuestionDescriptionOption":"UseText","TextPosition":"inline","ChoiceColumnWidth":25,"MobileFirst":true},"QuestionDescription":"The amount of information about the Nike shoe in the video was __________________","Choices":{"1":{"Display":"Way too short:Way too much"},"2":{"Display":"Insufficient:Sufficient"},"3":{"Display":"Bad:Good"}},"ChoiceOrder":[1,2,3],"Validation":{"Settings":{"ForceResponse":"OFF","ForceResponseType":"ON","Type":"None"}},"GradingData":[],"Language":[],"Answers":{"1":{"Display":"1"},"2":{"Display":"2"},"3":{"Display":"3"},"4":{"Display":"4"},"5":{"Display":"5"},"6":{"Display":"6"},"7":{"Display":"7"}},"AnswerOrder":[1,2,3,4,5,6,7],"AnswerColumns":7,"ChoiceDataExportTags":false,"QuestionID":"QID54","QuestionText_Unsafe":"The amount of information about the Nike shoe in the video was __________________"}},{"SurveyID":"SV_9EMz4vUv85Ya5cF","Element":"SQ","PrimaryAttribute":"QID56","SecondaryAttribute":"Timing","TertiaryAttribute":null,"Payload":{"QuestionText":"Timing","DefaultChoices":false,"DataExportTag":"Q5.3","QuestionType":"Timing","Selector":"PageTimer","Configuration":{"QuestionDescriptionOption":"UseText","MinSeconds":"0","MaxSeconds":"0"},"QuestionDescription":"Timing","Choices":{"1":{"Display":"First Click"},"2":{"Display":"Last Click"},"3":{"Display":"Page Submit"},"4":{"Display":"Click Count"}},"GradingData":[],"Language":[],"QuestionID":"QID56","QuestionText_Unsafe":"Timing"}},{"SurveyID":"SV_9EMz4vUv85Ya5cF","Element":"SQ","PrimaryAttribute":"QID57","SecondaryAttribute":"Timing","TertiaryAttribute":null,"Payload":{"QuestionText":"Timing","DefaultChoices":false,"DataExportTag":"Q6.3","QuestionType":"Timing","Selector":"PageTimer","Configuration":{"QuestionDescriptionOption":"UseText","MinSeconds":"0","MaxSeconds":"0"},"QuestionDescription":"Timing","Choices":{"1":{"Display":"First Click"},"2":{"Display":"Last Click"},"3":{"Display":"Page Submit"},"4":{"Display":"Click Count"}},"GradingData":[],"Language":[],"QuestionID":"QID57","QuestionText_Unsafe":"Timing"}},{"SurveyID":"SV_9EMz4vUv85Ya5cF","Element":"SQ","PrimaryAttribute":"QID4","SecondaryAttribute":"What is the likelihood that you will follow a brand's social media account?","TertiaryAttribute":null,"Payload":{"QuestionText":"What is the likelihood that you will follow a brand's social media account?","DataExportTag":"Q2.3","QuestionType":"MC","Selector":"SAVR","SubSelector":"TX","Configuration":{"QuestionDescriptionOption":"UseText"},"QuestionDescription":"What is the likelihood that you will follow a brand's social media account?","Choices":{"1":{"Display":"1-Very likely"},"2":{"Display":"2-likely"},"3":{"Display":"3-Neutral"},"4":{"Display":"4-Unlikely"},"5":{"Display":"5-Very unlikely "}},"ChoiceOrder":[1,2,3,4,5],"Validation":{"Settings":{"ForceResponse":"OFF","ForceResponseType":"ON","Type":"None"}},"Language":[],"QuestionID":"QID4","GradingData":[],"QuestionText_Unsafe":"What is the likelihood that you will follow a brand&#39;s social media account?"}},{"SurveyID":"SV_9EMz4vUv85Ya5cF","Element":"SQ","PrimaryAttribute":"QID5","SecondaryAttribute":"What is the likelihood that you will remember the name of the brand you saw on social media platf...","TertiaryAttribute":null,"Payload":{"QuestionText":"What is the likelihood that you will remember the name of the brand you saw on social media platforms?","DataExportTag":"Q2.4","QuestionType":"MC","Selector":"SAVR","SubSelector":"TX","Configuration":{"QuestionDescriptionOption":"UseText"},"QuestionDescription":"What is the likelihood that you will remember the name of the brand you saw on social media platf...","Choices":{"1":{"Display":"1-Very likely"},"2":{"Display":"2-likely"},"3":{"Display":"3-Neutral"},"4":{"Display":"4-Unlikely"},"5":{"Display":"5-Very unlikely "}},"ChoiceOrder":[1,2,3,4,5],"Validation":{"Settings":{"ForceResponse":"OFF","ForceResponseType":"ON","Type":"None"}},"Language":[],"QuestionID":"QID5","GradingData":[],"QuestionText_Unsafe":"What is the likelihood that you will remember the name of the brand you saw on social media platforms?","RecodeValues":{"1":"1","2":"2","3":"3","4":"4","5":"5"}}},{"SurveyID":"SV_9EMz4vUv85Ya5cF","Element":"SQ","PrimaryAttribute":"QID36","SecondaryAttribute":"What is you Ethnicity?","TertiaryAttribute":null,"Payload":{"QuestionText":"What is you Ethnicity?","DataExportTag":"Q9.4","QuestionType":"MC","Selector":"SAVR","SubSelector":"TX","Configuration":{"QuestionDescriptionOption":"UseText"},"QuestionDescription":"What is you Ethnicity?","Choices":{"1":{"Display":"White\/Caucasian"},"2":{"Display":"Hispanic\/Latino"},"3":{"Display":"Black\/African American"},"4":{"Display":"Asian"},"5":{"Display":"American Indian & Alaska Native"},"6":{"Display":"Native Hawaiian & Other Pacific Islander"},"7":{"Display":"Others"}},"ChoiceOrder":[1,2,3,4,5,6,7],"Validation":{"Settings":{"ForceResponse":"OFF","ForceResponseType":"ON","Type":"None"}},"GradingData":[],"Language":[],"QuestionID":"QID36","DefaultChoices":false,"QuestionText_Unsafe":"What is you Ethnicity?"}},{"SurveyID":"SV_9EMz4vUv85Ya5cF","Element":"SQ","PrimaryAttribute":"QID22","SecondaryAttribute":"What is your attitude towards sponsored product\/services mentioned through social media opinion l...","TertiaryAttribute":null,"Payload":{"QuestionText":"What is your attitude towards sponsored product\/services mentioned through social media opinion leaders?","DataExportTag":"Q4.5","QuestionType":"MC","Selector":"SAVR","Configuration":{"QuestionDescriptionOption":"UseText"},"QuestionDescription":"What is your attitude towards sponsored product\/services mentioned through social media opinion l...","Choices":{"1":{"Display":"1-Very unfavorable"},"2":{"Display":"2-unfavorable"},"3":{"Display":"3-Neutral"},"4":{"Display":"4-favorable"},"5":{"Display":"5-Very favorable"}},"ChoiceOrder":[1,2,3,4,5],"Validation":{"Settings":{"ForceResponse":"OFF","ForceResponseType":"ON","Type":"None"}},"Language":[],"QuestionID":"QID22","GradingData":[],"QuestionText_Unsafe":"What is your attitude towards sponsored product\/services mentioned through social media opinion leaders?","DefaultChoices":false,"SubSelector":"TX"}},{"SurveyID":"SV_9EMz4vUv85Ya5cF","Element":"SQ","PrimaryAttribute":"QID42","SecondaryAttribute":"What is your attitude towards sponsored product\/services mentioned through social media opinion l...","TertiaryAttribute":null,"Payload":{"QuestionText":"What is your attitude towards sponsored product\/services mentioned through social media opinion leaders?","QuestionType":"MC","Selector":"SAVR","Configuration":{"QuestionDescriptionOption":"UseText"},"QuestionDescription":"What is your attitude towards sponsored product\/services mentioned through social media opinion l...","Choices":{"1":{"Display":"1-Very un favorable"},"2":{"Display":"2-un favorable"},"3":{"Display":"3-Neutral"},"4":{"Display":"4-favorable"},"5":{"Display":"5-Very favorable"}},"ChoiceOrder":[1,2,3,4,5],"Validation":{"Settings":{"ForceResponse":"OFF","ForceResponseType":"ON","Type":"None"}},"Language":[],"GradingData":[],"QuestionText_Unsafe":"What is your attitude towards sponsored product\/services mentioned through social media opinion leaders?","DefaultChoices":false,"SubSelector":"TX","DataExportTag":"Q42","QuestionID":"QID42"}},{"SurveyID":"SV_9EMz4vUv85Ya5cF","Element":"SQ","PrimaryAttribute":"QID24","SecondaryAttribute":"Your age: (please fill in)","TertiaryAttribute":null,"Payload":{"QuestionText":"Your age: (please fill in)","DefaultChoices":false,"DataExportTag":"Q9.2","QuestionID":"QID24","QuestionType":"TE","Selector":"SL","Configuration":{"QuestionDescriptionOption":"UseText","InputWidth":70},"QuestionDescription":"Your age: (please fill in)","Validation":{"Settings":{"ForceResponse":"OFF","ForceResponseType":"ON","Type":"ContentType","ContentType":"ValidNumber","ValidDateType":"DateWithFormat","ValidPhoneType":"ValidUSPhone","ValidZipType":"ValidUSZip","ValidNumber":{"Min":"18","Max":"80","NumDecimals":"0"}}},"GradingData":[],"Language":[],"QuestionText_Unsafe":"Your age: (please fill in)"}},{"SurveyID":"SV_9EMz4vUv85Ya5cF","Element":"SQ","PrimaryAttribute":"QID25","SecondaryAttribute":"Your sex: ( please check one)","TertiaryAttribute":null,"Payload":{"QuestionText":"Your sex: ( please check one)","DataExportTag":"Q9.3","QuestionType":"MC","Selector":"SAVR","SubSelector":"TX","Configuration":{"QuestionDescriptionOption":"UseText"},"QuestionDescription":"Your sex: ( please check one)","Choices":{"1":{"Display":"Male"},"2":{"Display":"Female"}},"ChoiceOrder":[1,2],"Validation":{"Settings":{"ForceResponse":"OFF","ForceResponseType":"ON","Type":"None"}},"Language":[],"QuestionID":"QID25","QuestionText_Unsafe":"Your sex: ( please check one)"}}]}